// !$*UTF8*$!
{
	archiveVersion = 1;
	classes = {
	};
	objectVersion = 50;
	objects = {

/* Begin PBXBuildFile section */
		562BCF5823881CF900D5D51D /* AppDelegate.swift in Sources */ = {isa = PBXBuildFile; fileRef = 562BCF5723881CF900D5D51D /* AppDelegate.swift */; };
		562BCF5A23881CF900D5D51D /* GameScene.sks in Resources */ = {isa = PBXBuildFile; fileRef = 562BCF5923881CF900D5D51D /* GameScene.sks */; };
		562BCF5C23881CF900D5D51D /* Actions.sks in Resources */ = {isa = PBXBuildFile; fileRef = 562BCF5B23881CF900D5D51D /* Actions.sks */; };
		562BCF5E23881CF900D5D51D /* GameScene.swift in Sources */ = {isa = PBXBuildFile; fileRef = 562BCF5D23881CF900D5D51D /* GameScene.swift */; };
		562BCF6023881CF900D5D51D /* GameViewController.swift in Sources */ = {isa = PBXBuildFile; fileRef = 562BCF5F23881CF900D5D51D /* GameViewController.swift */; };
		562BCF6323881CF900D5D51D /* Main.storyboard in Resources */ = {isa = PBXBuildFile; fileRef = 562BCF6123881CF900D5D51D /* Main.storyboard */; };
		562BCF6523881CFC00D5D51D /* Assets.xcassets in Resources */ = {isa = PBXBuildFile; fileRef = 562BCF6423881CFC00D5D51D /* Assets.xcassets */; };
		562BCF6823881CFC00D5D51D /* LaunchScreen.storyboard in Resources */ = {isa = PBXBuildFile; fileRef = 562BCF6623881CFC00D5D51D /* LaunchScreen.storyboard */; };
/* End PBXBuildFile section */

/* Begin PBXFileReference section */
		562BCF5423881CF900D5D51D /* Tompero.app */ = {isa = PBXFileReference; explicitFileType = wrapper.application; includeInIndex = 0; path = Tompero.app; sourceTree = BUILT_PRODUCTS_DIR; };
		562BCF5723881CF900D5D51D /* AppDelegate.swift */ = {isa = PBXFileReference; lastKnownFileType = sourcecode.swift; path = AppDelegate.swift; sourceTree = "<group>"; };
		562BCF5923881CF900D5D51D /* GameScene.sks */ = {isa = PBXFileReference; lastKnownFileType = file.sks; path = GameScene.sks; sourceTree = "<group>"; };
		562BCF5B23881CF900D5D51D /* Actions.sks */ = {isa = PBXFileReference; lastKnownFileType = file.sks; path = Actions.sks; sourceTree = "<group>"; };
		562BCF5D23881CF900D5D51D /* GameScene.swift */ = {isa = PBXFileReference; lastKnownFileType = sourcecode.swift; path = GameScene.swift; sourceTree = "<group>"; };
		562BCF5F23881CF900D5D51D /* GameViewController.swift */ = {isa = PBXFileReference; lastKnownFileType = sourcecode.swift; path = GameViewController.swift; sourceTree = "<group>"; };
		562BCF6223881CF900D5D51D /* Base */ = {isa = PBXFileReference; lastKnownFileType = file.storyboard; name = Base; path = Base.lproj/Main.storyboard; sourceTree = "<group>"; };
		562BCF6423881CFC00D5D51D /* Assets.xcassets */ = {isa = PBXFileReference; lastKnownFileType = folder.assetcatalog; path = Assets.xcassets; sourceTree = "<group>"; };
		562BCF6723881CFC00D5D51D /* Base */ = {isa = PBXFileReference; lastKnownFileType = file.storyboard; name = Base; path = Base.lproj/LaunchScreen.storyboard; sourceTree = "<group>"; };
		562BCF6923881CFC00D5D51D /* Info.plist */ = {isa = PBXFileReference; lastKnownFileType = text.plist.xml; path = Info.plist; sourceTree = "<group>"; };
/* End PBXFileReference section */

/* Begin PBXFrameworksBuildPhase section */
		562BCF5123881CF900D5D51D /* Frameworks */ = {
			isa = PBXFrameworksBuildPhase;
			buildActionMask = 2147483647;
			files = (
			);
			runOnlyForDeploymentPostprocessing = 0;
		};
/* End PBXFrameworksBuildPhase section */

/* Begin PBXGroup section */
		562BCF4B23881CF900D5D51D = {
			isa = PBXGroup;
			children = (
				562BCF5623881CF900D5D51D /* Tompero */,
				562BCF5523881CF900D5D51D /* Products */,
			);
			sourceTree = "<group>";
		};
		562BCF5523881CF900D5D51D /* Products */ = {
			isa = PBXGroup;
			children = (
				562BCF5423881CF900D5D51D /* Tompero.app */,
			);
			name = Products;
			sourceTree = "<group>";
		};
		562BCF5623881CF900D5D51D /* Tompero */ = {
			isa = PBXGroup;
			children = (
				562BCF5723881CF900D5D51D /* AppDelegate.swift */,
				562BCF5923881CF900D5D51D /* GameScene.sks */,
				562BCF5B23881CF900D5D51D /* Actions.sks */,
				562BCF5D23881CF900D5D51D /* GameScene.swift */,
				562BCF5F23881CF900D5D51D /* GameViewController.swift */,
				562BCF6123881CF900D5D51D /* Main.storyboard */,
				562BCF6423881CFC00D5D51D /* Assets.xcassets */,
				562BCF6623881CFC00D5D51D /* LaunchScreen.storyboard */,
				562BCF6923881CFC00D5D51D /* Info.plist */,
			);
			path = Tompero;
			sourceTree = "<group>";
		};
/* End PBXGroup section */

/* Begin PBXNativeTarget section */
		562BCF5323881CF900D5D51D /* Tompero */ = {
			isa = PBXNativeTarget;
			buildConfigurationList = 562BCF6C23881CFC00D5D51D /* Build configuration list for PBXNativeTarget "Tompero" */;
			buildPhases = (
				562BCF5023881CF900D5D51D /* Sources */,
				562BCF5123881CF900D5D51D /* Frameworks */,
				562BCF5223881CF900D5D51D /* Resources */,
			);
			buildRules = (
			);
			dependencies = (
			);
			name = Tompero;
			productName = Tompero;
			productReference = 562BCF5423881CF900D5D51D /* Tompero.app */;
			productType = "com.apple.product-type.application";
		};
/* End PBXNativeTarget section */

/* Begin PBXProject section */
		562BCF4C23881CF900D5D51D /* Project object */ = {
			isa = PBXProject;
			attributes = {
				LastSwiftUpdateCheck = 1120;
				LastUpgradeCheck = 1120;
				ORGANIZATIONNAME = Tompero;
				TargetAttributes = {
					562BCF5323881CF900D5D51D = {
						CreatedOnToolsVersion = 11.2.1;
					};
				};
			};
			buildConfigurationList = 562BCF4F23881CF900D5D51D /* Build configuration list for PBXProject "Tompero" */;
			compatibilityVersion = "Xcode 9.3";
			developmentRegion = en;
			hasScannedForEncodings = 0;
			knownRegions = (
				en,
				Base,
			);
			mainGroup = 562BCF4B23881CF900D5D51D;
			productRefGroup = 562BCF5523881CF900D5D51D /* Products */;
			projectDirPath = "";
			projectRoot = "";
			targets = (
				562BCF5323881CF900D5D51D /* Tompero */,
			);
		};
/* End PBXProject section */

/* Begin PBXResourcesBuildPhase section */
		562BCF5223881CF900D5D51D /* Resources */ = {
			isa = PBXResourcesBuildPhase;
			buildActionMask = 2147483647;
			files = (
				562BCF6323881CF900D5D51D /* Main.storyboard in Resources */,
				562BCF5A23881CF900D5D51D /* GameScene.sks in Resources */,
				562BCF6523881CFC00D5D51D /* Assets.xcassets in Resources */,
				562BCF6823881CFC00D5D51D /* LaunchScreen.storyboard in Resources */,
				562BCF5C23881CF900D5D51D /* Actions.sks in Resources */,
			);
			runOnlyForDeploymentPostprocessing = 0;
		};
/* End PBXResourcesBuildPhase section */

/* Begin PBXSourcesBuildPhase section */
		562BCF5023881CF900D5D51D /* Sources */ = {
			isa = PBXSourcesBuildPhase;
			buildActionMask = 2147483647;
			files = (
				562BCF5E23881CF900D5D51D /* GameScene.swift in Sources */,
				562BCF6023881CF900D5D51D /* GameViewController.swift in Sources */,
				562BCF5823881CF900D5D51D /* AppDelegate.swift in Sources */,
			);
			runOnlyForDeploymentPostprocessing = 0;
		};
/* End PBXSourcesBuildPhase section */

/* Begin PBXVariantGroup section */
		562BCF6123881CF900D5D51D /* Main.storyboard */ = {
			isa = PBXVariantGroup;
			children = (
				562BCF6223881CF900D5D51D /* Base */,
			);
			name = Main.storyboard;
			sourceTree = "<group>";
		};
		562BCF6623881CFC00D5D51D /* LaunchScreen.storyboard */ = {
			isa = PBXVariantGroup;
			children = (
				562BCF6723881CFC00D5D51D /* Base */,
			);
			name = LaunchScreen.storyboard;
			sourceTree = "<group>";
		};
/* End PBXVariantGroup section */

/* Begin XCBuildConfiguration section */
		562BCF6A23881CFC00D5D51D /* Debug */ = {
			isa = XCBuildConfiguration;
			buildSettings = {
				ALWAYS_SEARCH_USER_PATHS = NO;
				CLANG_ANALYZER_NONNULL = YES;
				CLANG_ANALYZER_NUMBER_OBJECT_CONVERSION = YES_AGGRESSIVE;
				CLANG_CXX_LANGUAGE_STANDARD = "gnu++14";
				CLANG_CXX_LIBRARY = "libc++";
				CLANG_ENABLE_MODULES = YES;
				CLANG_ENABLE_OBJC_ARC = YES;
				CLANG_ENABLE_OBJC_WEAK = YES;
				CLANG_WARN_BLOCK_CAPTURE_AUTORELEASING = YES;
				CLANG_WARN_BOOL_CONVERSION = YES;
				CLANG_WARN_COMMA = YES;
				CLANG_WARN_CONSTANT_CONVERSION = YES;
				CLANG_WARN_DEPRECATED_OBJC_IMPLEMENTATIONS = YES;
				CLANG_WARN_DIRECT_OBJC_ISA_USAGE = YES_ERROR;
				CLANG_WARN_DOCUMENTATION_COMMENTS = YES;
				CLANG_WARN_EMPTY_BODY = YES;
				CLANG_WARN_ENUM_CONVERSION = YES;
				CLANG_WARN_INFINITE_RECURSION = YES;
				CLANG_WARN_INT_CONVERSION = YES;
				CLANG_WARN_NON_LITERAL_NULL_CONVERSION = YES;
				CLANG_WARN_OBJC_IMPLICIT_RETAIN_SELF = YES;
				CLANG_WARN_OBJC_LITERAL_CONVERSION = YES;
				CLANG_WARN_OBJC_ROOT_CLASS = YES_ERROR;
				CLANG_WARN_RANGE_LOOP_ANALYSIS = YES;
				CLANG_WARN_STRICT_PROTOTYPES = YES;
				CLANG_WARN_SUSPICIOUS_MOVE = YES;
				CLANG_WARN_UNGUARDED_AVAILABILITY = YES_AGGRESSIVE;
				CLANG_WARN_UNREACHABLE_CODE = YES;
				CLANG_WARN__DUPLICATE_METHOD_MATCH = YES;
				COPY_PHASE_STRIP = NO;
				DEBUG_INFORMATION_FORMAT = dwarf;
				ENABLE_STRICT_OBJC_MSGSEND = YES;
				ENABLE_TESTABILITY = YES;
				GCC_C_LANGUAGE_STANDARD = gnu11;
				GCC_DYNAMIC_NO_PIC = NO;
				GCC_NO_COMMON_BLOCKS = YES;
				GCC_OPTIMIZATION_LEVEL = 0;
				GCC_PREPROCESSOR_DEFINITIONS = (
					"DEBUG=1",
					"$(inherited)",
				);
				GCC_WARN_64_TO_32_BIT_CONVERSION = YES;
				GCC_WARN_ABOUT_RETURN_TYPE = YES_ERROR;
				GCC_WARN_UNDECLARED_SELECTOR = YES;
				GCC_WARN_UNINITIALIZED_AUTOS = YES_AGGRESSIVE;
				GCC_WARN_UNUSED_FUNCTION = YES;
				GCC_WARN_UNUSED_VARIABLE = YES;
				IPHONEOS_DEPLOYMENT_TARGET = 13.2;
				MTL_ENABLE_DEBUG_INFO = INCLUDE_SOURCE;
				MTL_FAST_MATH = YES;
				ONLY_ACTIVE_ARCH = YES;
				SDKROOT = iphoneos;
				SWIFT_ACTIVE_COMPILATION_CONDITIONS = DEBUG;
				SWIFT_OPTIMIZATION_LEVEL = "-Onone";
			};
			name = Debug;
		};
		562BCF6B23881CFC00D5D51D /* Release */ = {
			isa = XCBuildConfiguration;
			buildSettings = {
				ALWAYS_SEARCH_USER_PATHS = NO;
				CLANG_ANALYZER_NONNULL = YES;
				CLANG_ANALYZER_NUMBER_OBJECT_CONVERSION = YES_AGGRESSIVE;
				CLANG_CXX_LANGUAGE_STANDARD = "gnu++14";
				CLANG_CXX_LIBRARY = "libc++";
				CLANG_ENABLE_MODULES = YES;
				CLANG_ENABLE_OBJC_ARC = YES;
				CLANG_ENABLE_OBJC_WEAK = YES;
				CLANG_WARN_BLOCK_CAPTURE_AUTORELEASING = YES;
				CLANG_WARN_BOOL_CONVERSION = YES;
				CLANG_WARN_COMMA = YES;
				CLANG_WARN_CONSTANT_CONVERSION = YES;
				CLANG_WARN_DEPRECATED_OBJC_IMPLEMENTATIONS = YES;
				CLANG_WARN_DIRECT_OBJC_ISA_USAGE = YES_ERROR;
				CLANG_WARN_DOCUMENTATION_COMMENTS = YES;
				CLANG_WARN_EMPTY_BODY = YES;
				CLANG_WARN_ENUM_CONVERSION = YES;
				CLANG_WARN_INFINITE_RECURSION = YES;
				CLANG_WARN_INT_CONVERSION = YES;
				CLANG_WARN_NON_LITERAL_NULL_CONVERSION = YES;
				CLANG_WARN_OBJC_IMPLICIT_RETAIN_SELF = YES;
				CLANG_WARN_OBJC_LITERAL_CONVERSION = YES;
				CLANG_WARN_OBJC_ROOT_CLASS = YES_ERROR;
				CLANG_WARN_RANGE_LOOP_ANALYSIS = YES;
				CLANG_WARN_STRICT_PROTOTYPES = YES;
				CLANG_WARN_SUSPICIOUS_MOVE = YES;
				CLANG_WARN_UNGUARDED_AVAILABILITY = YES_AGGRESSIVE;
				CLANG_WARN_UNREACHABLE_CODE = YES;
				CLANG_WARN__DUPLICATE_METHOD_MATCH = YES;
				COPY_PHASE_STRIP = NO;
				DEBUG_INFORMATION_FORMAT = "dwarf-with-dsym";
				ENABLE_NS_ASSERTIONS = NO;
				ENABLE_STRICT_OBJC_MSGSEND = YES;
				GCC_C_LANGUAGE_STANDARD = gnu11;
				GCC_NO_COMMON_BLOCKS = YES;
				GCC_WARN_64_TO_32_BIT_CONVERSION = YES;
				GCC_WARN_ABOUT_RETURN_TYPE = YES_ERROR;
				GCC_WARN_UNDECLARED_SELECTOR = YES;
				GCC_WARN_UNINITIALIZED_AUTOS = YES_AGGRESSIVE;
				GCC_WARN_UNUSED_FUNCTION = YES;
				GCC_WARN_UNUSED_VARIABLE = YES;
				IPHONEOS_DEPLOYMENT_TARGET = 13.2;
				MTL_ENABLE_DEBUG_INFO = NO;
				MTL_FAST_MATH = YES;
				SDKROOT = iphoneos;
				SWIFT_COMPILATION_MODE = wholemodule;
				SWIFT_OPTIMIZATION_LEVEL = "-O";
				VALIDATE_PRODUCT = YES;
			};
			name = Release;
		};
		562BCF6D23881CFC00D5D51D /* Debug */ = {
			isa = XCBuildConfiguration;
			buildSettings = {
				ASSETCATALOG_COMPILER_APPICON_NAME = AppIcon;
				CODE_SIGN_STYLE = Automatic;
				DEVELOPMENT_TEAM = 5MSP4455P9;
				INFOPLIST_FILE = Tompero/Info.plist;
				LD_RUNPATH_SEARCH_PATHS = (
					"$(inherited)",
					"@executable_path/Frameworks",
				);
				PRODUCT_BUNDLE_IDENTIFIER = com.tompero.Tompero;
				PRODUCT_NAME = "$(TARGET_NAME)";
				SWIFT_VERSION = 5.0;
				TARGETED_DEVICE_FAMILY = "1,2";
			};
			name = Debug;
		};
		562BCF6E23881CFC00D5D51D /* Release */ = {
			isa = XCBuildConfiguration;
			buildSettings = {
				ASSETCATALOG_COMPILER_APPICON_NAME = AppIcon;
				CODE_SIGN_STYLE = Automatic;
				DEVELOPMENT_TEAM = 5MSP4455P9;
				INFOPLIST_FILE = Tompero/Info.plist;
				LD_RUNPATH_SEARCH_PATHS = (
					"$(inherited)",
					"@executable_path/Frameworks",
				);
				PRODUCT_BUNDLE_IDENTIFIER = com.tompero.Tompero;
				PRODUCT_NAME = "$(TARGET_NAME)";
				SWIFT_VERSION = 5.0;
				TARGETED_DEVICE_FAMILY = "1,2";
			};
			name = Release;
		};
/* End XCBuildConfiguration section */

/* Begin XCConfigurationList section */
		562BCF4F23881CF900D5D51D /* Build configuration list for PBXProject "Tompero" */ = {
			isa = XCConfigurationList;
			buildConfigurations = (
				562BCF6A23881CFC00D5D51D /* Debug */,
				562BCF6B23881CFC00D5D51D /* Release */,
			);
			defaultConfigurationIsVisible = 0;
			defaultConfigurationName = Release;
		};
		562BCF6C23881CFC00D5D51D /* Build configuration list for PBXNativeTarget "Tompero" */ = {
			isa = XCConfigurationList;
			buildConfigurations = (
				562BCF6D23881CFC00D5D51D /* Debug */,
				562BCF6E23881CFC00D5D51D /* Release */,
			);
			defaultConfigurationIsVisible = 0;
			defaultConfigurationName = Release;
		};
/* End XCConfigurationList section */
	};
	rootObject = 562BCF4C23881CF900D5D51D /* Project object */;
}
