// !$*UTF8*$!
{
	archiveVersion = 1;
	classes = {
	};
	objectVersion = 50;
	objects = {

/* Begin PBXBuildFile section */
		408CF0B422695B130AEAF368 /* Pods_Tompero.framework in Frameworks */ = {isa = PBXBuildFile; fileRef = B688C2DD78186CF812918984 /* Pods_Tompero.framework */; };
		471795E1238C1349000575B0 /* MCDataWrapper.swift in Sources */ = {isa = PBXBuildFile; fileRef = 471795E0238C1349000575B0 /* MCDataWrapper.swift */; };
		471795E5238C14E7000575B0 /* MCDataType.swift in Sources */ = {isa = PBXBuildFile; fileRef = 471795E4238C14E7000575B0 /* MCDataType.swift */; };
		471795E7238C1CB6000575B0 /* MCManagerDataObserver.swift in Sources */ = {isa = PBXBuildFile; fileRef = 471795E6238C1CB6000575B0 /* MCManagerDataObserver.swift */; };
		471795E9238C1E54000575B0 /* GameConnectionManager.swift in Sources */ = {isa = PBXBuildFile; fileRef = 471795E8238C1E54000575B0 /* GameConnectionManager.swift */; };
		471795EB238C1E87000575B0 /* GameConnectionManagerObserver.swift in Sources */ = {isa = PBXBuildFile; fileRef = 471795EA238C1E87000575B0 /* GameConnectionManagerObserver.swift */; };
		471795F0238C75CF000575B0 /* MCManagerMatchmakingObserver.swift in Sources */ = {isa = PBXBuildFile; fileRef = 471795EF238C75CF000575B0 /* MCManagerMatchmakingObserver.swift */; };
		4722D477238EB750003D373C /* GameRuleFactory.swift in Sources */ = {isa = PBXBuildFile; fileRef = 4722D476238EB750003D373C /* GameRuleFactory.swift */; };
		4722D479238EB762003D373C /* GameDifficulty.swift in Sources */ = {isa = PBXBuildFile; fileRef = 4722D478238EB762003D373C /* GameDifficulty.swift */; };
		4722D47B238EB7C9003D373C /* GameRule.swift in Sources */ = {isa = PBXBuildFile; fileRef = 4722D47A238EB7C9003D373C /* GameRule.swift */; };
		4722D47D238EB91F003D373C /* PlayerTable.swift in Sources */ = {isa = PBXBuildFile; fileRef = 4722D47C238EB91F003D373C /* PlayerTable.swift */; };
		4722D47F238EB982003D373C /* PlayerTableType.swift in Sources */ = {isa = PBXBuildFile; fileRef = 4722D47E238EB982003D373C /* PlayerTableType.swift */; };
		4722D487238FFA93003D373C /* MCPeerWithStatus.swift in Sources */ = {isa = PBXBuildFile; fileRef = 4722D486238FFA93003D373C /* MCPeerWithStatus.swift */; };
		472F9F2823992FEA00DC7B9C /* PlateNode.swift in Sources */ = {isa = PBXBuildFile; fileRef = 472F9F2723992FEA00DC7B9C /* PlateNode.swift */; };
		4733B6A62393597700D80AD0 /* MovableDelegate.swift in Sources */ = {isa = PBXBuildFile; fileRef = 4733B6A52393597700D80AD0 /* MovableDelegate.swift */; };
		476925C52390AA0900FBAB1F /* CGPointVectorExtensions.swift in Sources */ = {isa = PBXBuildFile; fileRef = 476925C22390AA0900FBAB1F /* CGPointVectorExtensions.swift */; };
		476925C62390AA0900FBAB1F /* SKNodeExtensions.swift in Sources */ = {isa = PBXBuildFile; fileRef = 476925C32390AA0900FBAB1F /* SKNodeExtensions.swift */; };
		476925C72390AA0900FBAB1F /* SKSceneExtensions.swift in Sources */ = {isa = PBXBuildFile; fileRef = 476925C42390AA0900FBAB1F /* SKSceneExtensions.swift */; };
		476F70A8239336490000465F /* TappableSpriteNode.swift in Sources */ = {isa = PBXBuildFile; fileRef = 476F70A7239336490000465F /* TappableSpriteNode.swift */; };
		476F70AC23933A1D0000465F /* TappableDelegate.swift in Sources */ = {isa = PBXBuildFile; fileRef = 476F70AB23933A1C0000465F /* TappableDelegate.swift */; };
		47CBC4CE23943B1B001CD4E8 /* SKActionExtensions.swift in Sources */ = {isa = PBXBuildFile; fileRef = 47CBC4CD23943B1B001CD4E8 /* SKActionExtensions.swift */; };
		47CC66CC238C056B00EB25C1 /* MCManager.swift in Sources */ = {isa = PBXBuildFile; fileRef = 47CC66CB238C056B00EB25C1 /* MCManager.swift */; };
		47D169B42399A154005541C6 /* OrderDeliveryNotification.swift in Sources */ = {isa = PBXBuildFile; fileRef = 47D169B32399A154005541C6 /* OrderDeliveryNotification.swift */; };
		562BCF5823881CF900D5D51D /* AppDelegate.swift in Sources */ = {isa = PBXBuildFile; fileRef = 562BCF5723881CF900D5D51D /* AppDelegate.swift */; };
		562BCF5A23881CF900D5D51D /* GameScene.sks in Resources */ = {isa = PBXBuildFile; fileRef = 562BCF5923881CF900D5D51D /* GameScene.sks */; };
		562BCF5E23881CF900D5D51D /* GameScene.swift in Sources */ = {isa = PBXBuildFile; fileRef = 562BCF5D23881CF900D5D51D /* GameScene.swift */; };
		562BCF6023881CF900D5D51D /* GameViewController.swift in Sources */ = {isa = PBXBuildFile; fileRef = 562BCF5F23881CF900D5D51D /* GameViewController.swift */; };
		562BCF6323881CF900D5D51D /* Main.storyboard in Resources */ = {isa = PBXBuildFile; fileRef = 562BCF6123881CF900D5D51D /* Main.storyboard */; };
		562BCF6523881CFC00D5D51D /* Assets.xcassets in Resources */ = {isa = PBXBuildFile; fileRef = 562BCF6423881CFC00D5D51D /* Assets.xcassets */; };
		562BCF6823881CFC00D5D51D /* LaunchScreen.storyboard in Resources */ = {isa = PBXBuildFile; fileRef = 562BCF6623881CFC00D5D51D /* LaunchScreen.storyboard */; };
		562BCF742388249E00D5D51D /* WaitingRoom.storyboard in Resources */ = {isa = PBXBuildFile; fileRef = 562BCF732388249E00D5D51D /* WaitingRoom.storyboard */; };
		562BCF76238824FE00D5D51D /* WaitingRoomViewController.swift in Sources */ = {isa = PBXBuildFile; fileRef = 562BCF75238824FE00D5D51D /* WaitingRoomViewController.swift */; };
		565AEFE223915E6400E3E15F /* MovableSpriteNode.swift in Sources */ = {isa = PBXBuildFile; fileRef = 565AEFE123915E6400E3E15F /* MovableSpriteNode.swift */; };
		565AEFE4239164E300E3E15F /* StationNode.swift in Sources */ = {isa = PBXBuildFile; fileRef = 565AEFE3239164E300E3E15F /* StationNode.swift */; };
		566A5BAF239A8564006D96CF /* ComponentType.swift in Sources */ = {isa = PBXBuildFile; fileRef = 566A5BAE239A8564006D96CF /* ComponentType.swift */; };
		566A5BB2239AD3AF006D96CF /* OrderListNode.swift in Sources */ = {isa = PBXBuildFile; fileRef = 566A5BB1239AD3AF006D96CF /* OrderListNode.swift */; };
		566A5BE1239ADFDF006D96CF /* airBeingSucked2.wav in Resources */ = {isa = PBXBuildFile; fileRef = 566A5BB5239ADFD0006D96CF /* airBeingSucked2.wav */; };
		566A5BE2239ADFDF006D96CF /* roundStarted1.wav in Resources */ = {isa = PBXBuildFile; fileRef = 566A5BB6239ADFD0006D96CF /* roundStarted1.wav */; };
		566A5BE3239ADFDF006D96CF /* roundStarted4.wav in Resources */ = {isa = PBXBuildFile; fileRef = 566A5BB7239ADFD0006D96CF /* roundStarted4.wav */; };
		566A5BE4239ADFDF006D96CF /* cooking2.wav in Resources */ = {isa = PBXBuildFile; fileRef = 566A5BB8239ADFD0006D96CF /* cooking2.wav */; };
		566A5BE5239ADFDF006D96CF /* coin1.wav in Resources */ = {isa = PBXBuildFile; fileRef = 566A5BB9239ADFD1006D96CF /* coin1.wav */; };
		566A5BE6239ADFDF006D96CF /* teleport1.wav in Resources */ = {isa = PBXBuildFile; fileRef = 566A5BBA239ADFD1006D96CF /* teleport1.wav */; };
		566A5BE7239ADFDF006D96CF /* foodBeingPut4.wav in Resources */ = {isa = PBXBuildFile; fileRef = 566A5BBB239ADFD1006D96CF /* foodBeingPut4.wav */; };
		566A5BE8239ADFDF006D96CF /* orderDone2.wav in Resources */ = {isa = PBXBuildFile; fileRef = 566A5BBC239ADFD1006D96CF /* orderDone2.wav */; };
		566A5BE9239ADFDF006D96CF /* airBeingSucked1.wav in Resources */ = {isa = PBXBuildFile; fileRef = 566A5BBD239ADFD1006D96CF /* airBeingSucked1.wav */; };
		566A5BEA239ADFDF006D96CF /* burned2.wav in Resources */ = {isa = PBXBuildFile; fileRef = 566A5BBE239ADFD1006D96CF /* burned2.wav */; };
		566A5BEB239ADFDF006D96CF /* airBeingSucked4.wav in Resources */ = {isa = PBXBuildFile; fileRef = 566A5BBF239ADFD1006D96CF /* airBeingSucked4.wav */; };
		566A5BEC239ADFDF006D96CF /* fry2.wav in Resources */ = {isa = PBXBuildFile; fileRef = 566A5BC0239ADFD2006D96CF /* fry2.wav */; };
		566A5BED239ADFDF006D96CF /* cutelo.wav in Resources */ = {isa = PBXBuildFile; fileRef = 566A5BC1239ADFD2006D96CF /* cutelo.wav */; };
		566A5BEE239ADFDF006D96CF /* airBeingSucked3.wav in Resources */ = {isa = PBXBuildFile; fileRef = 566A5BC2239ADFD2006D96CF /* airBeingSucked3.wav */; };
		566A5BEF239ADFDF006D96CF /* fry1.wav in Resources */ = {isa = PBXBuildFile; fileRef = 566A5BC3239ADFD3006D96CF /* fry1.wav */; };
		566A5BF0239ADFDF006D96CF /* burned1.wav in Resources */ = {isa = PBXBuildFile; fileRef = 566A5BC4239ADFD3006D96CF /* burned1.wav */; };
		566A5BF1239ADFDF006D96CF /* orderDone1.wav in Resources */ = {isa = PBXBuildFile; fileRef = 566A5BC5239ADFD3006D96CF /* orderDone1.wav */; };
		566A5BF2239ADFDF006D96CF /* fry3.wav in Resources */ = {isa = PBXBuildFile; fileRef = 566A5BC6239ADFD4006D96CF /* fry3.wav */; };
		566A5BF3239ADFDF006D96CF /* hatch1.wav in Resources */ = {isa = PBXBuildFile; fileRef = 566A5BC7239ADFD4006D96CF /* hatch1.wav */; };
		566A5BF4239ADFDF006D96CF /* teleport4.wav in Resources */ = {isa = PBXBuildFile; fileRef = 566A5BC8239ADFD4006D96CF /* teleport4.wav */; };
		566A5BF5239ADFDF006D96CF /* timesUp2.wav in Resources */ = {isa = PBXBuildFile; fileRef = 566A5BC9239ADFD4006D96CF /* timesUp2.wav */; };
		566A5BF6239ADFDF006D96CF /* timer15Secs1.wav in Resources */ = {isa = PBXBuildFile; fileRef = 566A5BCA239ADFD5006D96CF /* timer15Secs1.wav */; };
		566A5BF7239ADFDF006D96CF /* roundStarted3.wav in Resources */ = {isa = PBXBuildFile; fileRef = 566A5BCB239ADFD5006D96CF /* roundStarted3.wav */; };
		566A5BF8239ADFDF006D96CF /* coin2.wav in Resources */ = {isa = PBXBuildFile; fileRef = 566A5BCC239ADFD6006D96CF /* coin2.wav */; };
		566A5BF9239ADFDF006D96CF /* timer15Secs2.wav in Resources */ = {isa = PBXBuildFile; fileRef = 566A5BCD239ADFD6006D96CF /* timer15Secs2.wav */; };
		566A5BFA239ADFDF006D96CF /* timesUp1.wav in Resources */ = {isa = PBXBuildFile; fileRef = 566A5BCE239ADFD7006D96CF /* timesUp1.wav */; };
		566A5BFB239ADFDF006D96CF /* foodBeingPut2.wav in Resources */ = {isa = PBXBuildFile; fileRef = 566A5BCF239ADFD7006D96CF /* foodBeingPut2.wav */; };
		566A5BFC239ADFDF006D96CF /* cooking3.wav in Resources */ = {isa = PBXBuildFile; fileRef = 566A5BD0239ADFD8006D96CF /* cooking3.wav */; };
		566A5BFD239ADFDF006D96CF /* newOrder2.wav in Resources */ = {isa = PBXBuildFile; fileRef = 566A5BD1239ADFD8006D96CF /* newOrder2.wav */; };
		566A5BFE239ADFDF006D96CF /* timer15Secs3.wav in Resources */ = {isa = PBXBuildFile; fileRef = 566A5BD2239ADFD9006D96CF /* timer15Secs3.wav */; };
		566A5BFF239ADFDF006D96CF /* cutelo2.wav in Resources */ = {isa = PBXBuildFile; fileRef = 566A5BD3239ADFD9006D96CF /* cutelo2.wav */; };
		566A5C00239ADFDF006D96CF /* foodBeingPut3.wav in Resources */ = {isa = PBXBuildFile; fileRef = 566A5BD4239ADFDA006D96CF /* foodBeingPut3.wav */; };
		566A5C01239ADFDF006D96CF /* teleport2.wav in Resources */ = {isa = PBXBuildFile; fileRef = 566A5BD5239ADFDA006D96CF /* teleport2.wav */; };
		566A5C02239ADFDF006D96CF /* foodBeingPut1.wav in Resources */ = {isa = PBXBuildFile; fileRef = 566A5BD6239ADFDB006D96CF /* foodBeingPut1.wav */; };
		566A5C03239ADFDF006D96CF /* teleport3.wav in Resources */ = {isa = PBXBuildFile; fileRef = 566A5BD7239ADFDB006D96CF /* teleport3.wav */; };
		566A5C04239ADFDF006D96CF /* hatch2.wav in Resources */ = {isa = PBXBuildFile; fileRef = 566A5BD8239ADFDC006D96CF /* hatch2.wav */; };
		566A5C05239ADFDF006D96CF /* coin3.wav in Resources */ = {isa = PBXBuildFile; fileRef = 566A5BD9239ADFDC006D96CF /* coin3.wav */; };
		566A5C06239ADFDF006D96CF /* roundStarted2.wav in Resources */ = {isa = PBXBuildFile; fileRef = 566A5BDA239ADFDC006D96CF /* roundStarted2.wav */; };
		566A5C07239ADFDF006D96CF /* coin4.wav in Resources */ = {isa = PBXBuildFile; fileRef = 566A5BDB239ADFDD006D96CF /* coin4.wav */; };
		566A5C08239ADFDF006D96CF /* newOrder1.wav in Resources */ = {isa = PBXBuildFile; fileRef = 566A5BDC239ADFDD006D96CF /* newOrder1.wav */; };
		566A5C09239ADFDF006D96CF /* hatch4.wav in Resources */ = {isa = PBXBuildFile; fileRef = 566A5BDD239ADFDD006D96CF /* hatch4.wav */; };
		566A5C0A239ADFDF006D96CF /* hatch3.wav in Resources */ = {isa = PBXBuildFile; fileRef = 566A5BDE239ADFDE006D96CF /* hatch3.wav */; };
		566A5C0B239ADFDF006D96CF /* cooking1.wav in Resources */ = {isa = PBXBuildFile; fileRef = 566A5BDF239ADFDF006D96CF /* cooking1.wav */; };
		566A5C0C239ADFDF006D96CF /* timesUp3.wav in Resources */ = {isa = PBXBuildFile; fileRef = 566A5BE0239ADFDF006D96CF /* timesUp3.wav */; };
		567A07B0238C805000D6399A /* Horn.swift in Sources */ = {isa = PBXBuildFile; fileRef = 567A079F238C805000D6399A /* Horn.swift */; };
		567A07B1238C805000D6399A /* Eyes.swift in Sources */ = {isa = PBXBuildFile; fileRef = 567A07A0238C805000D6399A /* Eyes.swift */; };
		567A07B2238C805000D6399A /* DevilMashedBread.swift in Sources */ = {isa = PBXBuildFile; fileRef = 567A07A1238C805000D6399A /* DevilMashedBread.swift */; };
		567A07B3238C805000D6399A /* Tentacle.swift in Sources */ = {isa = PBXBuildFile; fileRef = 567A07A2238C805000D6399A /* Tentacle.swift */; };
		567A07B4238C805000D6399A /* Plate.swift in Sources */ = {isa = PBXBuildFile; fileRef = 567A07A3238C805000D6399A /* Plate.swift */; };
		567A07B5238C805000D6399A /* Ingredient.swift in Sources */ = {isa = PBXBuildFile; fileRef = 567A07A4238C805000D6399A /* Ingredient.swift */; };
		567A07B6238C805000D6399A /* Broccoli.swift in Sources */ = {isa = PBXBuildFile; fileRef = 567A07A5238C805000D6399A /* Broccoli.swift */; };
		567A07B7238C805000D6399A /* SaturnOnionRings.swift in Sources */ = {isa = PBXBuildFile; fileRef = 567A07A6238C805000D6399A /* SaturnOnionRings.swift */; };
		567A07B8238C805000D6399A /* HasIngredients.swift in Sources */ = {isa = PBXBuildFile; fileRef = 567A07A7238C805000D6399A /* HasIngredients.swift */; };
		567A07B9238C805000D6399A /* Asteroid.swift in Sources */ = {isa = PBXBuildFile; fileRef = 567A07A8238C805000D6399A /* Asteroid.swift */; };
		567A07BA238C805000D6399A /* MoonCheese.swift in Sources */ = {isa = PBXBuildFile; fileRef = 567A07A9238C805000D6399A /* MoonCheese.swift */; };
		567A07BB238C805000D6399A /* Order.swift in Sources */ = {isa = PBXBuildFile; fileRef = 567A07AA238C805000D6399A /* Order.swift */; };
		567A07BC238C805000D6399A /* Tardigrades.swift in Sources */ = {isa = PBXBuildFile; fileRef = 567A07AB238C805000D6399A /* Tardigrades.swift */; };
		567A07BD238C805000D6399A /* SpaceshipHull.swift in Sources */ = {isa = PBXBuildFile; fileRef = 567A07AC238C805000D6399A /* SpaceshipHull.swift */; };
		567A07BF238C805000D6399A /* OrderList.swift in Sources */ = {isa = PBXBuildFile; fileRef = 567A07AE238C805000D6399A /* OrderList.swift */; };
		567A07C0238C805000D6399A /* MarsSand.swift in Sources */ = {isa = PBXBuildFile; fileRef = 567A07AF238C805000D6399A /* MarsSand.swift */; };
		56B3A7B62391B93B005E0807 /* IngredientNode.swift in Sources */ = {isa = PBXBuildFile; fileRef = 56B3A7B52391B93B005E0807 /* IngredientNode.swift */; };
		56B3A7BA2391CDC7005E0807 /* StationType.swift in Sources */ = {isa = PBXBuildFile; fileRef = 56B3A7B92391CDC7005E0807 /* StationType.swift */; };
		56E2D7C0238DA28E000F8A3F /* ChoppableComponent.swift in Sources */ = {isa = PBXBuildFile; fileRef = 56E2D7BF238DA28E000F8A3F /* ChoppableComponent.swift */; };
		56E2D7C2238DA2B8000F8A3F /* Component.swift in Sources */ = {isa = PBXBuildFile; fileRef = 56E2D7C1238DA2B8000F8A3F /* Component.swift */; };
		56E2D7C4238DC95D000F8A3F /* FryableComponent.swift in Sources */ = {isa = PBXBuildFile; fileRef = 56E2D7C3238DC95D000F8A3F /* FryableComponent.swift */; };
		56E2D7C6238DC97D000F8A3F /* IngredientState.swift in Sources */ = {isa = PBXBuildFile; fileRef = 56E2D7C5238DC97D000F8A3F /* IngredientState.swift */; };
		56E2D7C8238DC992000F8A3F /* CookableComponent.swift in Sources */ = {isa = PBXBuildFile; fileRef = 56E2D7C7238DC992000F8A3F /* CookableComponent.swift */; };
		56E2D7CB238DFDEC000F8A3F /* HasSprite.swift in Sources */ = {isa = PBXBuildFile; fileRef = 56E2D7CA238DFDEC000F8A3F /* HasSprite.swift */; };
		56EDA92A239B48B7004BFC2C /* OrderNode.swift in Sources */ = {isa = PBXBuildFile; fileRef = 56EDA929239B48B7004BFC2C /* OrderNode.swift */; };
		FB25C2A9239455E8001FEAE6 /* UIImage+Gif.swift in Sources */ = {isa = PBXBuildFile; fileRef = FB25C2A8239455E8001FEAE6 /* UIImage+Gif.swift */; };
		FB2CB742238D5D2C001C72F3 /* MenuCollectionViewCell.swift in Sources */ = {isa = PBXBuildFile; fileRef = FB2CB73F238D5D2C001C72F3 /* MenuCollectionViewCell.swift */; };
		FB2CB743238D5D2C001C72F3 /* MenuCollectionViewController.swift in Sources */ = {isa = PBXBuildFile; fileRef = FB2CB740238D5D2C001C72F3 /* MenuCollectionViewController.swift */; };
		FB2CB744238D5D2C001C72F3 /* MenuStoryboard.storyboard in Resources */ = {isa = PBXBuildFile; fileRef = FB2CB741238D5D2C001C72F3 /* MenuStoryboard.storyboard */; };
		FB55FBE4239A9DAE002EBB89 /* TitilliumWeb-Bold.ttf in Resources */ = {isa = PBXBuildFile; fileRef = FB55FBE2239A9DAD002EBB89 /* TitilliumWeb-Bold.ttf */; };
		FB55FBE5239A9DAE002EBB89 /* TitilliumWeb-Light.ttf in Resources */ = {isa = PBXBuildFile; fileRef = FB55FBE3239A9DAD002EBB89 /* TitilliumWeb-Light.ttf */; };
		FB56706C2397F43100B5ABA8 /* NSLayoutConstraintExtention.swift in Sources */ = {isa = PBXBuildFile; fileRef = FB56706B2397F43100B5ABA8 /* NSLayoutConstraintExtention.swift */; };
		FB9BF38F238E9CFA00437124 /* Coordinator.swift in Sources */ = {isa = PBXBuildFile; fileRef = FB9BF38E238E9CFA00437124 /* Coordinator.swift */; };
		FB9BF391238E9D6A00437124 /* Storyboarded.swift in Sources */ = {isa = PBXBuildFile; fileRef = FB9BF390238E9D6A00437124 /* Storyboarded.swift */; };
		FB9BF393238E9F4700437124 /* MainCoordinator.swift in Sources */ = {isa = PBXBuildFile; fileRef = FB9BF392238E9F4700437124 /* MainCoordinator.swift */; };
		FB9BF395238EA67500437124 /* Game.storyboard in Resources */ = {isa = PBXBuildFile; fileRef = FB9BF394238EA67500437124 /* Game.storyboard */; };
		FBFDDCFE238C040700CD503A /* InicialViewController.swift in Sources */ = {isa = PBXBuildFile; fileRef = FBFDDCFD238C040700CD503A /* InicialViewController.swift */; };
/* End PBXBuildFile section */

/* Begin PBXFileReference section */
		471795E0238C1349000575B0 /* MCDataWrapper.swift */ = {isa = PBXFileReference; lastKnownFileType = sourcecode.swift; path = MCDataWrapper.swift; sourceTree = "<group>"; };
		471795E4238C14E7000575B0 /* MCDataType.swift */ = {isa = PBXFileReference; fileEncoding = 4; lastKnownFileType = sourcecode.swift; path = MCDataType.swift; sourceTree = "<group>"; };
		471795E6238C1CB6000575B0 /* MCManagerDataObserver.swift */ = {isa = PBXFileReference; lastKnownFileType = sourcecode.swift; path = MCManagerDataObserver.swift; sourceTree = "<group>"; };
		471795E8238C1E54000575B0 /* GameConnectionManager.swift */ = {isa = PBXFileReference; lastKnownFileType = sourcecode.swift; path = GameConnectionManager.swift; sourceTree = "<group>"; };
		471795EA238C1E87000575B0 /* GameConnectionManagerObserver.swift */ = {isa = PBXFileReference; lastKnownFileType = sourcecode.swift; path = GameConnectionManagerObserver.swift; sourceTree = "<group>"; };
		471795EF238C75CF000575B0 /* MCManagerMatchmakingObserver.swift */ = {isa = PBXFileReference; lastKnownFileType = sourcecode.swift; path = MCManagerMatchmakingObserver.swift; sourceTree = "<group>"; };
		4722D476238EB750003D373C /* GameRuleFactory.swift */ = {isa = PBXFileReference; lastKnownFileType = sourcecode.swift; path = GameRuleFactory.swift; sourceTree = "<group>"; };
		4722D478238EB762003D373C /* GameDifficulty.swift */ = {isa = PBXFileReference; lastKnownFileType = sourcecode.swift; path = GameDifficulty.swift; sourceTree = "<group>"; };
		4722D47A238EB7C9003D373C /* GameRule.swift */ = {isa = PBXFileReference; lastKnownFileType = sourcecode.swift; path = GameRule.swift; sourceTree = "<group>"; };
		4722D47C238EB91F003D373C /* PlayerTable.swift */ = {isa = PBXFileReference; lastKnownFileType = sourcecode.swift; path = PlayerTable.swift; sourceTree = "<group>"; };
		4722D47E238EB982003D373C /* PlayerTableType.swift */ = {isa = PBXFileReference; lastKnownFileType = sourcecode.swift; path = PlayerTableType.swift; sourceTree = "<group>"; };
		4722D486238FFA93003D373C /* MCPeerWithStatus.swift */ = {isa = PBXFileReference; lastKnownFileType = sourcecode.swift; path = MCPeerWithStatus.swift; sourceTree = "<group>"; };
		472F9F2723992FEA00DC7B9C /* PlateNode.swift */ = {isa = PBXFileReference; lastKnownFileType = sourcecode.swift; path = PlateNode.swift; sourceTree = "<group>"; };
		4733B6A52393597700D80AD0 /* MovableDelegate.swift */ = {isa = PBXFileReference; lastKnownFileType = sourcecode.swift; path = MovableDelegate.swift; sourceTree = "<group>"; };
		476925C22390AA0900FBAB1F /* CGPointVectorExtensions.swift */ = {isa = PBXFileReference; fileEncoding = 4; lastKnownFileType = sourcecode.swift; path = CGPointVectorExtensions.swift; sourceTree = "<group>"; };
		476925C32390AA0900FBAB1F /* SKNodeExtensions.swift */ = {isa = PBXFileReference; fileEncoding = 4; lastKnownFileType = sourcecode.swift; path = SKNodeExtensions.swift; sourceTree = "<group>"; };
		476925C42390AA0900FBAB1F /* SKSceneExtensions.swift */ = {isa = PBXFileReference; fileEncoding = 4; lastKnownFileType = sourcecode.swift; path = SKSceneExtensions.swift; sourceTree = "<group>"; };
		476F70A7239336490000465F /* TappableSpriteNode.swift */ = {isa = PBXFileReference; lastKnownFileType = sourcecode.swift; path = TappableSpriteNode.swift; sourceTree = "<group>"; };
		476F70AB23933A1C0000465F /* TappableDelegate.swift */ = {isa = PBXFileReference; fileEncoding = 4; lastKnownFileType = sourcecode.swift; path = TappableDelegate.swift; sourceTree = "<group>"; };
		47CBC4CD23943B1B001CD4E8 /* SKActionExtensions.swift */ = {isa = PBXFileReference; lastKnownFileType = sourcecode.swift; path = SKActionExtensions.swift; sourceTree = "<group>"; };
		47CC66CB238C056B00EB25C1 /* MCManager.swift */ = {isa = PBXFileReference; lastKnownFileType = sourcecode.swift; path = MCManager.swift; sourceTree = "<group>"; };
		47D169B32399A154005541C6 /* OrderDeliveryNotification.swift */ = {isa = PBXFileReference; lastKnownFileType = sourcecode.swift; path = OrderDeliveryNotification.swift; sourceTree = "<group>"; };
		4DAFEC243ECD8CDB29A29BAB /* Pods-Tompero.release.xcconfig */ = {isa = PBXFileReference; includeInIndex = 1; lastKnownFileType = text.xcconfig; name = "Pods-Tompero.release.xcconfig"; path = "Target Support Files/Pods-Tompero/Pods-Tompero.release.xcconfig"; sourceTree = "<group>"; };
		562BCF5423881CF900D5D51D /* SpaceSpice.app */ = {isa = PBXFileReference; explicitFileType = wrapper.application; includeInIndex = 0; path = SpaceSpice.app; sourceTree = BUILT_PRODUCTS_DIR; };
		562BCF5723881CF900D5D51D /* AppDelegate.swift */ = {isa = PBXFileReference; lastKnownFileType = sourcecode.swift; path = AppDelegate.swift; sourceTree = "<group>"; };
		562BCF5923881CF900D5D51D /* GameScene.sks */ = {isa = PBXFileReference; lastKnownFileType = file.sks; path = GameScene.sks; sourceTree = "<group>"; };
		562BCF5D23881CF900D5D51D /* GameScene.swift */ = {isa = PBXFileReference; lastKnownFileType = sourcecode.swift; path = GameScene.swift; sourceTree = "<group>"; };
		562BCF5F23881CF900D5D51D /* GameViewController.swift */ = {isa = PBXFileReference; lastKnownFileType = sourcecode.swift; path = GameViewController.swift; sourceTree = "<group>"; };
		562BCF6223881CF900D5D51D /* Base */ = {isa = PBXFileReference; lastKnownFileType = file.storyboard; name = Base; path = Base.lproj/Main.storyboard; sourceTree = "<group>"; };
		562BCF6423881CFC00D5D51D /* Assets.xcassets */ = {isa = PBXFileReference; lastKnownFileType = folder.assetcatalog; path = Assets.xcassets; sourceTree = "<group>"; };
		562BCF6723881CFC00D5D51D /* Base */ = {isa = PBXFileReference; lastKnownFileType = file.storyboard; name = Base; path = Base.lproj/LaunchScreen.storyboard; sourceTree = "<group>"; };
		562BCF6923881CFC00D5D51D /* Info.plist */ = {isa = PBXFileReference; lastKnownFileType = text.plist.xml; path = Info.plist; sourceTree = "<group>"; };
		562BCF732388249E00D5D51D /* WaitingRoom.storyboard */ = {isa = PBXFileReference; lastKnownFileType = file.storyboard; path = WaitingRoom.storyboard; sourceTree = "<group>"; };
		562BCF75238824FE00D5D51D /* WaitingRoomViewController.swift */ = {isa = PBXFileReference; lastKnownFileType = sourcecode.swift; path = WaitingRoomViewController.swift; sourceTree = "<group>"; };
		565AEFE123915E6400E3E15F /* MovableSpriteNode.swift */ = {isa = PBXFileReference; lastKnownFileType = sourcecode.swift; path = MovableSpriteNode.swift; sourceTree = "<group>"; };
		565AEFE3239164E300E3E15F /* StationNode.swift */ = {isa = PBXFileReference; lastKnownFileType = sourcecode.swift; path = StationNode.swift; sourceTree = "<group>"; };
		566A5BAE239A8564006D96CF /* ComponentType.swift */ = {isa = PBXFileReference; lastKnownFileType = sourcecode.swift; path = ComponentType.swift; sourceTree = "<group>"; };
		566A5BB1239AD3AF006D96CF /* OrderListNode.swift */ = {isa = PBXFileReference; lastKnownFileType = sourcecode.swift; path = OrderListNode.swift; sourceTree = "<group>"; };
		566A5BB5239ADFD0006D96CF /* airBeingSucked2.wav */ = {isa = PBXFileReference; lastKnownFileType = audio.wav; path = airBeingSucked2.wav; sourceTree = "<group>"; };
		566A5BB6239ADFD0006D96CF /* roundStarted1.wav */ = {isa = PBXFileReference; lastKnownFileType = audio.wav; path = roundStarted1.wav; sourceTree = "<group>"; };
		566A5BB7239ADFD0006D96CF /* roundStarted4.wav */ = {isa = PBXFileReference; lastKnownFileType = audio.wav; path = roundStarted4.wav; sourceTree = "<group>"; };
		566A5BB8239ADFD0006D96CF /* cooking2.wav */ = {isa = PBXFileReference; lastKnownFileType = audio.wav; path = cooking2.wav; sourceTree = "<group>"; };
		566A5BB9239ADFD1006D96CF /* coin1.wav */ = {isa = PBXFileReference; lastKnownFileType = audio.wav; path = coin1.wav; sourceTree = "<group>"; };
		566A5BBA239ADFD1006D96CF /* teleport1.wav */ = {isa = PBXFileReference; lastKnownFileType = audio.wav; path = teleport1.wav; sourceTree = "<group>"; };
		566A5BBB239ADFD1006D96CF /* foodBeingPut4.wav */ = {isa = PBXFileReference; lastKnownFileType = audio.wav; path = foodBeingPut4.wav; sourceTree = "<group>"; };
		566A5BBC239ADFD1006D96CF /* orderDone2.wav */ = {isa = PBXFileReference; lastKnownFileType = audio.wav; path = orderDone2.wav; sourceTree = "<group>"; };
		566A5BBD239ADFD1006D96CF /* airBeingSucked1.wav */ = {isa = PBXFileReference; lastKnownFileType = audio.wav; path = airBeingSucked1.wav; sourceTree = "<group>"; };
		566A5BBE239ADFD1006D96CF /* burned2.wav */ = {isa = PBXFileReference; lastKnownFileType = audio.wav; path = burned2.wav; sourceTree = "<group>"; };
		566A5BBF239ADFD1006D96CF /* airBeingSucked4.wav */ = {isa = PBXFileReference; lastKnownFileType = audio.wav; path = airBeingSucked4.wav; sourceTree = "<group>"; };
		566A5BC0239ADFD2006D96CF /* fry2.wav */ = {isa = PBXFileReference; lastKnownFileType = audio.wav; path = fry2.wav; sourceTree = "<group>"; };
		566A5BC1239ADFD2006D96CF /* cutelo.wav */ = {isa = PBXFileReference; lastKnownFileType = audio.wav; path = cutelo.wav; sourceTree = "<group>"; };
		566A5BC2239ADFD2006D96CF /* airBeingSucked3.wav */ = {isa = PBXFileReference; lastKnownFileType = audio.wav; path = airBeingSucked3.wav; sourceTree = "<group>"; };
		566A5BC3239ADFD3006D96CF /* fry1.wav */ = {isa = PBXFileReference; lastKnownFileType = audio.wav; path = fry1.wav; sourceTree = "<group>"; };
		566A5BC4239ADFD3006D96CF /* burned1.wav */ = {isa = PBXFileReference; lastKnownFileType = audio.wav; path = burned1.wav; sourceTree = "<group>"; };
		566A5BC5239ADFD3006D96CF /* orderDone1.wav */ = {isa = PBXFileReference; lastKnownFileType = audio.wav; path = orderDone1.wav; sourceTree = "<group>"; };
		566A5BC6239ADFD4006D96CF /* fry3.wav */ = {isa = PBXFileReference; lastKnownFileType = audio.wav; path = fry3.wav; sourceTree = "<group>"; };
		566A5BC7239ADFD4006D96CF /* hatch1.wav */ = {isa = PBXFileReference; lastKnownFileType = audio.wav; path = hatch1.wav; sourceTree = "<group>"; };
		566A5BC8239ADFD4006D96CF /* teleport4.wav */ = {isa = PBXFileReference; lastKnownFileType = audio.wav; path = teleport4.wav; sourceTree = "<group>"; };
		566A5BC9239ADFD4006D96CF /* timesUp2.wav */ = {isa = PBXFileReference; lastKnownFileType = audio.wav; path = timesUp2.wav; sourceTree = "<group>"; };
		566A5BCA239ADFD5006D96CF /* timer15Secs1.wav */ = {isa = PBXFileReference; lastKnownFileType = audio.wav; path = timer15Secs1.wav; sourceTree = "<group>"; };
		566A5BCB239ADFD5006D96CF /* roundStarted3.wav */ = {isa = PBXFileReference; lastKnownFileType = audio.wav; path = roundStarted3.wav; sourceTree = "<group>"; };
		566A5BCC239ADFD6006D96CF /* coin2.wav */ = {isa = PBXFileReference; lastKnownFileType = audio.wav; path = coin2.wav; sourceTree = "<group>"; };
		566A5BCD239ADFD6006D96CF /* timer15Secs2.wav */ = {isa = PBXFileReference; lastKnownFileType = audio.wav; path = timer15Secs2.wav; sourceTree = "<group>"; };
		566A5BCE239ADFD7006D96CF /* timesUp1.wav */ = {isa = PBXFileReference; lastKnownFileType = audio.wav; path = timesUp1.wav; sourceTree = "<group>"; };
		566A5BCF239ADFD7006D96CF /* foodBeingPut2.wav */ = {isa = PBXFileReference; lastKnownFileType = audio.wav; path = foodBeingPut2.wav; sourceTree = "<group>"; };
		566A5BD0239ADFD8006D96CF /* cooking3.wav */ = {isa = PBXFileReference; lastKnownFileType = audio.wav; path = cooking3.wav; sourceTree = "<group>"; };
		566A5BD1239ADFD8006D96CF /* newOrder2.wav */ = {isa = PBXFileReference; lastKnownFileType = audio.wav; path = newOrder2.wav; sourceTree = "<group>"; };
		566A5BD2239ADFD9006D96CF /* timer15Secs3.wav */ = {isa = PBXFileReference; lastKnownFileType = audio.wav; path = timer15Secs3.wav; sourceTree = "<group>"; };
		566A5BD3239ADFD9006D96CF /* cutelo2.wav */ = {isa = PBXFileReference; lastKnownFileType = audio.wav; path = cutelo2.wav; sourceTree = "<group>"; };
		566A5BD4239ADFDA006D96CF /* foodBeingPut3.wav */ = {isa = PBXFileReference; lastKnownFileType = audio.wav; path = foodBeingPut3.wav; sourceTree = "<group>"; };
		566A5BD5239ADFDA006D96CF /* teleport2.wav */ = {isa = PBXFileReference; lastKnownFileType = audio.wav; path = teleport2.wav; sourceTree = "<group>"; };
		566A5BD6239ADFDB006D96CF /* foodBeingPut1.wav */ = {isa = PBXFileReference; lastKnownFileType = audio.wav; path = foodBeingPut1.wav; sourceTree = "<group>"; };
		566A5BD7239ADFDB006D96CF /* teleport3.wav */ = {isa = PBXFileReference; lastKnownFileType = audio.wav; path = teleport3.wav; sourceTree = "<group>"; };
		566A5BD8239ADFDC006D96CF /* hatch2.wav */ = {isa = PBXFileReference; lastKnownFileType = audio.wav; path = hatch2.wav; sourceTree = "<group>"; };
		566A5BD9239ADFDC006D96CF /* coin3.wav */ = {isa = PBXFileReference; lastKnownFileType = audio.wav; path = coin3.wav; sourceTree = "<group>"; };
		566A5BDA239ADFDC006D96CF /* roundStarted2.wav */ = {isa = PBXFileReference; lastKnownFileType = audio.wav; path = roundStarted2.wav; sourceTree = "<group>"; };
		566A5BDB239ADFDD006D96CF /* coin4.wav */ = {isa = PBXFileReference; lastKnownFileType = audio.wav; path = coin4.wav; sourceTree = "<group>"; };
		566A5BDC239ADFDD006D96CF /* newOrder1.wav */ = {isa = PBXFileReference; lastKnownFileType = audio.wav; path = newOrder1.wav; sourceTree = "<group>"; };
		566A5BDD239ADFDD006D96CF /* hatch4.wav */ = {isa = PBXFileReference; lastKnownFileType = audio.wav; path = hatch4.wav; sourceTree = "<group>"; };
		566A5BDE239ADFDE006D96CF /* hatch3.wav */ = {isa = PBXFileReference; lastKnownFileType = audio.wav; path = hatch3.wav; sourceTree = "<group>"; };
		566A5BDF239ADFDF006D96CF /* cooking1.wav */ = {isa = PBXFileReference; lastKnownFileType = audio.wav; path = cooking1.wav; sourceTree = "<group>"; };
		566A5BE0239ADFDF006D96CF /* timesUp3.wav */ = {isa = PBXFileReference; lastKnownFileType = audio.wav; path = timesUp3.wav; sourceTree = "<group>"; };
		567A079F238C805000D6399A /* Horn.swift */ = {isa = PBXFileReference; fileEncoding = 4; lastKnownFileType = sourcecode.swift; path = Horn.swift; sourceTree = "<group>"; };
		567A07A0238C805000D6399A /* Eyes.swift */ = {isa = PBXFileReference; fileEncoding = 4; lastKnownFileType = sourcecode.swift; path = Eyes.swift; sourceTree = "<group>"; };
		567A07A1238C805000D6399A /* DevilMashedBread.swift */ = {isa = PBXFileReference; fileEncoding = 4; lastKnownFileType = sourcecode.swift; path = DevilMashedBread.swift; sourceTree = "<group>"; };
		567A07A2238C805000D6399A /* Tentacle.swift */ = {isa = PBXFileReference; fileEncoding = 4; lastKnownFileType = sourcecode.swift; path = Tentacle.swift; sourceTree = "<group>"; };
		567A07A3238C805000D6399A /* Plate.swift */ = {isa = PBXFileReference; fileEncoding = 4; lastKnownFileType = sourcecode.swift; path = Plate.swift; sourceTree = "<group>"; };
		567A07A4238C805000D6399A /* Ingredient.swift */ = {isa = PBXFileReference; fileEncoding = 4; lastKnownFileType = sourcecode.swift; path = Ingredient.swift; sourceTree = "<group>"; };
		567A07A5238C805000D6399A /* Broccoli.swift */ = {isa = PBXFileReference; fileEncoding = 4; lastKnownFileType = sourcecode.swift; path = Broccoli.swift; sourceTree = "<group>"; };
		567A07A6238C805000D6399A /* SaturnOnionRings.swift */ = {isa = PBXFileReference; fileEncoding = 4; lastKnownFileType = sourcecode.swift; path = SaturnOnionRings.swift; sourceTree = "<group>"; };
		567A07A7238C805000D6399A /* HasIngredients.swift */ = {isa = PBXFileReference; fileEncoding = 4; lastKnownFileType = sourcecode.swift; path = HasIngredients.swift; sourceTree = "<group>"; };
		567A07A8238C805000D6399A /* Asteroid.swift */ = {isa = PBXFileReference; fileEncoding = 4; lastKnownFileType = sourcecode.swift; path = Asteroid.swift; sourceTree = "<group>"; };
		567A07A9238C805000D6399A /* MoonCheese.swift */ = {isa = PBXFileReference; fileEncoding = 4; lastKnownFileType = sourcecode.swift; path = MoonCheese.swift; sourceTree = "<group>"; };
		567A07AA238C805000D6399A /* Order.swift */ = {isa = PBXFileReference; fileEncoding = 4; lastKnownFileType = sourcecode.swift; path = Order.swift; sourceTree = "<group>"; };
		567A07AB238C805000D6399A /* Tardigrades.swift */ = {isa = PBXFileReference; fileEncoding = 4; lastKnownFileType = sourcecode.swift; path = Tardigrades.swift; sourceTree = "<group>"; };
		567A07AC238C805000D6399A /* SpaceshipHull.swift */ = {isa = PBXFileReference; fileEncoding = 4; lastKnownFileType = sourcecode.swift; path = SpaceshipHull.swift; sourceTree = "<group>"; };
		567A07AE238C805000D6399A /* OrderList.swift */ = {isa = PBXFileReference; fileEncoding = 4; lastKnownFileType = sourcecode.swift; path = OrderList.swift; sourceTree = "<group>"; };
		567A07AF238C805000D6399A /* MarsSand.swift */ = {isa = PBXFileReference; fileEncoding = 4; lastKnownFileType = sourcecode.swift; path = MarsSand.swift; sourceTree = "<group>"; };
		56B3A7B52391B93B005E0807 /* IngredientNode.swift */ = {isa = PBXFileReference; lastKnownFileType = sourcecode.swift; path = IngredientNode.swift; sourceTree = "<group>"; };
		56B3A7B92391CDC7005E0807 /* StationType.swift */ = {isa = PBXFileReference; lastKnownFileType = sourcecode.swift; path = StationType.swift; sourceTree = "<group>"; };
		56E2D7BF238DA28E000F8A3F /* ChoppableComponent.swift */ = {isa = PBXFileReference; lastKnownFileType = sourcecode.swift; path = ChoppableComponent.swift; sourceTree = "<group>"; };
		56E2D7C1238DA2B8000F8A3F /* Component.swift */ = {isa = PBXFileReference; lastKnownFileType = sourcecode.swift; path = Component.swift; sourceTree = "<group>"; };
		56E2D7C3238DC95D000F8A3F /* FryableComponent.swift */ = {isa = PBXFileReference; lastKnownFileType = sourcecode.swift; path = FryableComponent.swift; sourceTree = "<group>"; };
		56E2D7C5238DC97D000F8A3F /* IngredientState.swift */ = {isa = PBXFileReference; lastKnownFileType = sourcecode.swift; path = IngredientState.swift; sourceTree = "<group>"; };
		56E2D7C7238DC992000F8A3F /* CookableComponent.swift */ = {isa = PBXFileReference; lastKnownFileType = sourcecode.swift; path = CookableComponent.swift; sourceTree = "<group>"; };
		56E2D7CA238DFDEC000F8A3F /* HasSprite.swift */ = {isa = PBXFileReference; lastKnownFileType = sourcecode.swift; path = HasSprite.swift; sourceTree = "<group>"; };
		56EDA929239B48B7004BFC2C /* OrderNode.swift */ = {isa = PBXFileReference; lastKnownFileType = sourcecode.swift; path = OrderNode.swift; sourceTree = "<group>"; };
		8DD3C20EEB7D6EC0D5684DDC /* Pods-Tompero.debug.xcconfig */ = {isa = PBXFileReference; includeInIndex = 1; lastKnownFileType = text.xcconfig; name = "Pods-Tompero.debug.xcconfig"; path = "Target Support Files/Pods-Tompero/Pods-Tompero.debug.xcconfig"; sourceTree = "<group>"; };
		B688C2DD78186CF812918984 /* Pods_Tompero.framework */ = {isa = PBXFileReference; explicitFileType = wrapper.framework; includeInIndex = 0; path = Pods_Tompero.framework; sourceTree = BUILT_PRODUCTS_DIR; };
		FB25C2A8239455E8001FEAE6 /* UIImage+Gif.swift */ = {isa = PBXFileReference; lastKnownFileType = sourcecode.swift; path = "UIImage+Gif.swift"; sourceTree = "<group>"; };
		FB2CB73F238D5D2C001C72F3 /* MenuCollectionViewCell.swift */ = {isa = PBXFileReference; fileEncoding = 4; lastKnownFileType = sourcecode.swift; path = MenuCollectionViewCell.swift; sourceTree = "<group>"; };
		FB2CB740238D5D2C001C72F3 /* MenuCollectionViewController.swift */ = {isa = PBXFileReference; fileEncoding = 4; lastKnownFileType = sourcecode.swift; path = MenuCollectionViewController.swift; sourceTree = "<group>"; };
		FB2CB741238D5D2C001C72F3 /* MenuStoryboard.storyboard */ = {isa = PBXFileReference; fileEncoding = 4; lastKnownFileType = file.storyboard; path = MenuStoryboard.storyboard; sourceTree = "<group>"; };
		FB55FBE2239A9DAD002EBB89 /* TitilliumWeb-Bold.ttf */ = {isa = PBXFileReference; lastKnownFileType = file; path = "TitilliumWeb-Bold.ttf"; sourceTree = "<group>"; };
		FB55FBE3239A9DAD002EBB89 /* TitilliumWeb-Light.ttf */ = {isa = PBXFileReference; lastKnownFileType = file; path = "TitilliumWeb-Light.ttf"; sourceTree = "<group>"; };
		FB56706B2397F43100B5ABA8 /* NSLayoutConstraintExtention.swift */ = {isa = PBXFileReference; lastKnownFileType = sourcecode.swift; path = NSLayoutConstraintExtention.swift; sourceTree = "<group>"; };
		FB9BF38E238E9CFA00437124 /* Coordinator.swift */ = {isa = PBXFileReference; lastKnownFileType = sourcecode.swift; path = Coordinator.swift; sourceTree = "<group>"; };
		FB9BF390238E9D6A00437124 /* Storyboarded.swift */ = {isa = PBXFileReference; lastKnownFileType = sourcecode.swift; path = Storyboarded.swift; sourceTree = "<group>"; };
		FB9BF392238E9F4700437124 /* MainCoordinator.swift */ = {isa = PBXFileReference; lastKnownFileType = sourcecode.swift; path = MainCoordinator.swift; sourceTree = "<group>"; };
		FB9BF394238EA67500437124 /* Game.storyboard */ = {isa = PBXFileReference; lastKnownFileType = file.storyboard; path = Game.storyboard; sourceTree = "<group>"; };
		FBFDDCFD238C040700CD503A /* InicialViewController.swift */ = {isa = PBXFileReference; fileEncoding = 4; lastKnownFileType = sourcecode.swift; path = InicialViewController.swift; sourceTree = "<group>"; };
/* End PBXFileReference section */

/* Begin PBXFrameworksBuildPhase section */
		562BCF5123881CF900D5D51D /* Frameworks */ = {
			isa = PBXFrameworksBuildPhase;
			buildActionMask = 2147483647;
			files = (
				408CF0B422695B130AEAF368 /* Pods_Tompero.framework in Frameworks */,
			);
			runOnlyForDeploymentPostprocessing = 0;
		};
/* End PBXFrameworksBuildPhase section */

/* Begin PBXGroup section */
		07F4238B08A3D100EFB608C4 /* Frameworks */ = {
			isa = PBXGroup;
			children = (
				B688C2DD78186CF812918984 /* Pods_Tompero.framework */,
			);
			name = Frameworks;
			sourceTree = "<group>";
		};
		471795ED238C692D000575B0 /* MultipeerConnectivity Manager */ = {
			isa = PBXGroup;
			children = (
				47CC66CB238C056B00EB25C1 /* MCManager.swift */,
				471795E0238C1349000575B0 /* MCDataWrapper.swift */,
				471795E4238C14E7000575B0 /* MCDataType.swift */,
				471795E6238C1CB6000575B0 /* MCManagerDataObserver.swift */,
				471795EF238C75CF000575B0 /* MCManagerMatchmakingObserver.swift */,
				4722D486238FFA93003D373C /* MCPeerWithStatus.swift */,
			);
			path = "MultipeerConnectivity Manager";
			sourceTree = "<group>";
		};
		471795EE238C694B000575B0 /* Game Connection */ = {
			isa = PBXGroup;
			children = (
				471795E8238C1E54000575B0 /* GameConnectionManager.swift */,
				471795EA238C1E87000575B0 /* GameConnectionManagerObserver.swift */,
			);
			path = "Game Connection";
			sourceTree = "<group>";
		};
		4722D481238F42E1003D373C /* Procedural Generation */ = {
			isa = PBXGroup;
			children = (
				4722D476238EB750003D373C /* GameRuleFactory.swift */,
				4722D478238EB762003D373C /* GameDifficulty.swift */,
				4722D47A238EB7C9003D373C /* GameRule.swift */,
				4722D47C238EB91F003D373C /* PlayerTable.swift */,
				4722D47E238EB982003D373C /* PlayerTableType.swift */,
			);
			path = "Procedural Generation";
			sourceTree = "<group>";
		};
		4722D482238FF2FE003D373C /* Ingredients */ = {
			isa = PBXGroup;
			children = (
				567A07A8238C805000D6399A /* Asteroid.swift */,
				567A07A5238C805000D6399A /* Broccoli.swift */,
				567A07A1238C805000D6399A /* DevilMashedBread.swift */,
				567A07A0238C805000D6399A /* Eyes.swift */,
				567A079F238C805000D6399A /* Horn.swift */,
				567A07AF238C805000D6399A /* MarsSand.swift */,
				567A07A9238C805000D6399A /* MoonCheese.swift */,
				567A07A6238C805000D6399A /* SaturnOnionRings.swift */,
				567A07AC238C805000D6399A /* SpaceshipHull.swift */,
				567A07AB238C805000D6399A /* Tardigrades.swift */,
				567A07A2238C805000D6399A /* Tentacle.swift */,
			);
			path = Ingredients;
			sourceTree = "<group>";
		};
		4722D483238FF311003D373C /* Protocols */ = {
			isa = PBXGroup;
			children = (
				56E2D7CA238DFDEC000F8A3F /* HasSprite.swift */,
				567A07A7238C805000D6399A /* HasIngredients.swift */,
			);
			path = Protocols;
			sourceTree = "<group>";
		};
		4722D484238FF317003D373C /* Components */ = {
			isa = PBXGroup;
			children = (
				56E2D7C1238DA2B8000F8A3F /* Component.swift */,
				56E2D7BF238DA28E000F8A3F /* ChoppableComponent.swift */,
				56E2D7C3238DC95D000F8A3F /* FryableComponent.swift */,
				56E2D7C7238DC992000F8A3F /* CookableComponent.swift */,
				566A5BAE239A8564006D96CF /* ComponentType.swift */,
			);
			path = Components;
			sourceTree = "<group>";
		};
		4722D485238FF320003D373C /* Order */ = {
			isa = PBXGroup;
			children = (
				567A07AA238C805000D6399A /* Order.swift */,
				567A07AE238C805000D6399A /* OrderList.swift */,
				47D169B32399A154005541C6 /* OrderDeliveryNotification.swift */,
			);
			path = Order;
			sourceTree = "<group>";
		};
		476925C82390AA1200FBAB1F /* Extensions */ = {
			isa = PBXGroup;
			children = (
				476925C22390AA0900FBAB1F /* CGPointVectorExtensions.swift */,
				476925C32390AA0900FBAB1F /* SKNodeExtensions.swift */,
				476925C42390AA0900FBAB1F /* SKSceneExtensions.swift */,
				47CBC4CD23943B1B001CD4E8 /* SKActionExtensions.swift */,
				FB56706B2397F43100B5ABA8 /* NSLayoutConstraintExtention.swift */,
			);
			path = Extensions;
			sourceTree = "<group>";
		};
		562BCF4B23881CF900D5D51D = {
			isa = PBXGroup;
			children = (
				562BCF5623881CF900D5D51D /* Tompero */,
				562BCF5523881CF900D5D51D /* Products */,
				56D9BB225FBAE3D038F75D05 /* Pods */,
				07F4238B08A3D100EFB608C4 /* Frameworks */,
			);
			sourceTree = "<group>";
		};
		562BCF5523881CF900D5D51D /* Products */ = {
			isa = PBXGroup;
			children = (
				562BCF5423881CF900D5D51D /* SpaceSpice.app */,
			);
			name = Products;
			sourceTree = "<group>";
		};
		562BCF5623881CF900D5D51D /* Tompero */ = {
			isa = PBXGroup;
			children = (
				566A5BB4239ADE43006D96CF /* Resources */,
				562BCF5723881CF900D5D51D /* AppDelegate.swift */,
				562BCF6923881CFC00D5D51D /* Info.plist */,
				FB9BF38D238E9CDB00437124 /* Coordinator */,
				476925C82390AA1200FBAB1F /* Extensions */,
				562BCF6F2388232700D5D51D /* Model */,
				562BCF702388233700D5D51D /* View */,
				562BCF712388234800D5D51D /* Controller */,
				471795ED238C692D000575B0 /* MultipeerConnectivity Manager */,
				471795EE238C694B000575B0 /* Game Connection */,
				4722D481238F42E1003D373C /* Procedural Generation */,
			);
			path = Tompero;
			sourceTree = "<group>";
		};
		562BCF6F2388232700D5D51D /* Model */ = {
			isa = PBXGroup;
			children = (
				4722D484238FF317003D373C /* Components */,
				56E2D7C5238DC97D000F8A3F /* IngredientState.swift */,
				567A07A4238C805000D6399A /* Ingredient.swift */,
				4722D482238FF2FE003D373C /* Ingredients */,
				567A07A3238C805000D6399A /* Plate.swift */,
				4722D483238FF311003D373C /* Protocols */,
				4722D485238FF320003D373C /* Order */,
			);
			path = Model;
			sourceTree = "<group>";
		};
		562BCF702388233700D5D51D /* View */ = {
			isa = PBXGroup;
			children = (
				566A5BB0239ACE77006D96CF /* GameScene */,
				FB2CB73F238D5D2C001C72F3 /* MenuCollectionViewCell.swift */,
				562BCF732388249E00D5D51D /* WaitingRoom.storyboard */,
				FB2CB741238D5D2C001C72F3 /* MenuStoryboard.storyboard */,
				562BCF6123881CF900D5D51D /* Main.storyboard */,
				562BCF6623881CFC00D5D51D /* LaunchScreen.storyboard */,
				FB9BF394238EA67500437124 /* Game.storyboard */,
			);
			path = View;
			sourceTree = "<group>";
		};
		562BCF712388234800D5D51D /* Controller */ = {
			isa = PBXGroup;
			children = (
				FBFDDCFD238C040700CD503A /* InicialViewController.swift */,
				FB2CB740238D5D2C001C72F3 /* MenuCollectionViewController.swift */,
				562BCF5F23881CF900D5D51D /* GameViewController.swift */,
				562BCF75238824FE00D5D51D /* WaitingRoomViewController.swift */,
				FB25C2A8239455E8001FEAE6 /* UIImage+Gif.swift */,
			);
			path = Controller;
			sourceTree = "<group>";
		};
		566A5BB0239ACE77006D96CF /* GameScene */ = {
			isa = PBXGroup;
			children = (
				56B3A7B92391CDC7005E0807 /* StationType.swift */,
				565AEFE3239164E300E3E15F /* StationNode.swift */,
				565AEFE123915E6400E3E15F /* MovableSpriteNode.swift */,
				56B3A7B52391B93B005E0807 /* IngredientNode.swift */,
				476F70A7239336490000465F /* TappableSpriteNode.swift */,
				476F70AB23933A1C0000465F /* TappableDelegate.swift */,
				4733B6A52393597700D80AD0 /* MovableDelegate.swift */,
				472F9F2723992FEA00DC7B9C /* PlateNode.swift */,
				562BCF5923881CF900D5D51D /* GameScene.sks */,
				562BCF5D23881CF900D5D51D /* GameScene.swift */,
				566A5BB1239AD3AF006D96CF /* OrderListNode.swift */,
				56EDA929239B48B7004BFC2C /* OrderNode.swift */,
			);
			path = GameScene;
			sourceTree = "<group>";
		};
		566A5BB3239ADE37006D96CF /* SFX */ = {
			isa = PBXGroup;
			children = (
				566A5BBD239ADFD1006D96CF /* airBeingSucked1.wav */,
				566A5BB5239ADFD0006D96CF /* airBeingSucked2.wav */,
				566A5BC2239ADFD2006D96CF /* airBeingSucked3.wav */,
				566A5BBF239ADFD1006D96CF /* airBeingSucked4.wav */,
				566A5BC4239ADFD3006D96CF /* burned1.wav */,
				566A5BBE239ADFD1006D96CF /* burned2.wav */,
				566A5BB9239ADFD1006D96CF /* coin1.wav */,
				566A5BCC239ADFD6006D96CF /* coin2.wav */,
				566A5BD9239ADFDC006D96CF /* coin3.wav */,
				566A5BDB239ADFDD006D96CF /* coin4.wav */,
				566A5BDF239ADFDF006D96CF /* cooking1.wav */,
				566A5BB8239ADFD0006D96CF /* cooking2.wav */,
				566A5BD0239ADFD8006D96CF /* cooking3.wav */,
				566A5BC1239ADFD2006D96CF /* cutelo.wav */,
				566A5BD3239ADFD9006D96CF /* cutelo2.wav */,
				566A5BD6239ADFDB006D96CF /* foodBeingPut1.wav */,
				566A5BCF239ADFD7006D96CF /* foodBeingPut2.wav */,
				566A5BD4239ADFDA006D96CF /* foodBeingPut3.wav */,
				566A5BBB239ADFD1006D96CF /* foodBeingPut4.wav */,
				566A5BC3239ADFD3006D96CF /* fry1.wav */,
				566A5BC0239ADFD2006D96CF /* fry2.wav */,
				566A5BC6239ADFD4006D96CF /* fry3.wav */,
				566A5BC7239ADFD4006D96CF /* hatch1.wav */,
				566A5BD8239ADFDC006D96CF /* hatch2.wav */,
				566A5BDE239ADFDE006D96CF /* hatch3.wav */,
				566A5BDD239ADFDD006D96CF /* hatch4.wav */,
				566A5BDC239ADFDD006D96CF /* newOrder1.wav */,
				566A5BD1239ADFD8006D96CF /* newOrder2.wav */,
				566A5BC5239ADFD3006D96CF /* orderDone1.wav */,
				566A5BBC239ADFD1006D96CF /* orderDone2.wav */,
				566A5BB6239ADFD0006D96CF /* roundStarted1.wav */,
				566A5BDA239ADFDC006D96CF /* roundStarted2.wav */,
				566A5BCB239ADFD5006D96CF /* roundStarted3.wav */,
				566A5BB7239ADFD0006D96CF /* roundStarted4.wav */,
				566A5BBA239ADFD1006D96CF /* teleport1.wav */,
				566A5BD5239ADFDA006D96CF /* teleport2.wav */,
				566A5BD7239ADFDB006D96CF /* teleport3.wav */,
				566A5BC8239ADFD4006D96CF /* teleport4.wav */,
				566A5BCA239ADFD5006D96CF /* timer15Secs1.wav */,
				566A5BCD239ADFD6006D96CF /* timer15Secs2.wav */,
				566A5BD2239ADFD9006D96CF /* timer15Secs3.wav */,
				566A5BCE239ADFD7006D96CF /* timesUp1.wav */,
				566A5BC9239ADFD4006D96CF /* timesUp2.wav */,
				566A5BE0239ADFDF006D96CF /* timesUp3.wav */,
			);
			path = SFX;
			sourceTree = "<group>";
		};
		566A5BB4239ADE43006D96CF /* Resources */ = {
			isa = PBXGroup;
			children = (
				566A5BB3239ADE37006D96CF /* SFX */,
				FB55FBE6239A9DB5002EBB89 /* Font */,
				562BCF6423881CFC00D5D51D /* Assets.xcassets */,
			);
			path = Resources;
			sourceTree = "<group>";
		};
		56D9BB225FBAE3D038F75D05 /* Pods */ = {
			isa = PBXGroup;
			children = (
				8DD3C20EEB7D6EC0D5684DDC /* Pods-Tompero.debug.xcconfig */,
				4DAFEC243ECD8CDB29A29BAB /* Pods-Tompero.release.xcconfig */,
			);
			path = Pods;
			sourceTree = "<group>";
		};
		FB55FBE6239A9DB5002EBB89 /* Font */ = {
			isa = PBXGroup;
			children = (
				FB55FBE2239A9DAD002EBB89 /* TitilliumWeb-Bold.ttf */,
				FB55FBE3239A9DAD002EBB89 /* TitilliumWeb-Light.ttf */,
			);
			path = Font;
			sourceTree = "<group>";
		};
		FB9BF38D238E9CDB00437124 /* Coordinator */ = {
			isa = PBXGroup;
			children = (
				FB9BF38E238E9CFA00437124 /* Coordinator.swift */,
				FB9BF390238E9D6A00437124 /* Storyboarded.swift */,
				FB9BF392238E9F4700437124 /* MainCoordinator.swift */,
			);
			path = Coordinator;
			sourceTree = "<group>";
		};
/* End PBXGroup section */

/* Begin PBXNativeTarget section */
		562BCF5323881CF900D5D51D /* Tompero */ = {
			isa = PBXNativeTarget;
			buildConfigurationList = 562BCF6C23881CFC00D5D51D /* Build configuration list for PBXNativeTarget "Tompero" */;
			buildPhases = (
				8558EB2BA8760397F6F98020 /* [CP] Check Pods Manifest.lock */,
				562BCF5023881CF900D5D51D /* Sources */,
				562BCF5123881CF900D5D51D /* Frameworks */,
				562BCF5223881CF900D5D51D /* Resources */,
				471795EC238C6520000575B0 /* ShellScript */,
			);
			buildRules = (
			);
			dependencies = (
			);
			name = Tompero;
			productName = Tompero;
			productReference = 562BCF5423881CF900D5D51D /* SpaceSpice.app */;
			productType = "com.apple.product-type.application";
		};
/* End PBXNativeTarget section */

/* Begin PBXProject section */
		562BCF4C23881CF900D5D51D /* Project object */ = {
			isa = PBXProject;
			attributes = {
				LastSwiftUpdateCheck = 1120;
				LastUpgradeCheck = 1120;
				ORGANIZATIONNAME = Tompero;
				TargetAttributes = {
					562BCF5323881CF900D5D51D = {
						CreatedOnToolsVersion = 11.2.1;
					};
				};
			};
			buildConfigurationList = 562BCF4F23881CF900D5D51D /* Build configuration list for PBXProject "Tompero" */;
			compatibilityVersion = "Xcode 9.3";
			developmentRegion = en;
			hasScannedForEncodings = 0;
			knownRegions = (
				en,
				Base,
			);
			mainGroup = 562BCF4B23881CF900D5D51D;
			productRefGroup = 562BCF5523881CF900D5D51D /* Products */;
			projectDirPath = "";
			projectRoot = "";
			targets = (
				562BCF5323881CF900D5D51D /* Tompero */,
			);
		};
/* End PBXProject section */

/* Begin PBXResourcesBuildPhase section */
		562BCF5223881CF900D5D51D /* Resources */ = {
			isa = PBXResourcesBuildPhase;
			buildActionMask = 2147483647;
			files = (
				566A5BEE239ADFDF006D96CF /* airBeingSucked3.wav in Resources */,
				566A5BFB239ADFDF006D96CF /* foodBeingPut2.wav in Resources */,
				566A5BE3239ADFDF006D96CF /* roundStarted4.wav in Resources */,
				566A5BF6239ADFDF006D96CF /* timer15Secs1.wav in Resources */,
				566A5BE4239ADFDF006D96CF /* cooking2.wav in Resources */,
				FB55FBE5239A9DAE002EBB89 /* TitilliumWeb-Light.ttf in Resources */,
				FB9BF395238EA67500437124 /* Game.storyboard in Resources */,
				562BCF6323881CF900D5D51D /* Main.storyboard in Resources */,
				566A5BEF239ADFDF006D96CF /* fry1.wav in Resources */,
				566A5C06239ADFDF006D96CF /* roundStarted2.wav in Resources */,
				566A5C00239ADFDF006D96CF /* foodBeingPut3.wav in Resources */,
				566A5BF3239ADFDF006D96CF /* hatch1.wav in Resources */,
				566A5C05239ADFDF006D96CF /* coin3.wav in Resources */,
				566A5BE6239ADFDF006D96CF /* teleport1.wav in Resources */,
				566A5C04239ADFDF006D96CF /* hatch2.wav in Resources */,
				566A5BE1239ADFDF006D96CF /* airBeingSucked2.wav in Resources */,
				566A5BE8239ADFDF006D96CF /* orderDone2.wav in Resources */,
				566A5BFD239ADFDF006D96CF /* newOrder2.wav in Resources */,
				566A5C08239ADFDF006D96CF /* newOrder1.wav in Resources */,
				566A5C07239ADFDF006D96CF /* coin4.wav in Resources */,
				566A5BFC239ADFDF006D96CF /* cooking3.wav in Resources */,
				566A5BED239ADFDF006D96CF /* cutelo.wav in Resources */,
				566A5BE7239ADFDF006D96CF /* foodBeingPut4.wav in Resources */,
				566A5BE2239ADFDF006D96CF /* roundStarted1.wav in Resources */,
				566A5C03239ADFDF006D96CF /* teleport3.wav in Resources */,
				566A5BE9239ADFDF006D96CF /* airBeingSucked1.wav in Resources */,
				566A5BEB239ADFDF006D96CF /* airBeingSucked4.wav in Resources */,
				566A5BEC239ADFDF006D96CF /* fry2.wav in Resources */,
				566A5BEA239ADFDF006D96CF /* burned2.wav in Resources */,
				566A5BF0239ADFDF006D96CF /* burned1.wav in Resources */,
				FB55FBE4239A9DAE002EBB89 /* TitilliumWeb-Bold.ttf in Resources */,
				566A5BF1239ADFDF006D96CF /* orderDone1.wav in Resources */,
				566A5C09239ADFDF006D96CF /* hatch4.wav in Resources */,
				566A5C01239ADFDF006D96CF /* teleport2.wav in Resources */,
				562BCF742388249E00D5D51D /* WaitingRoom.storyboard in Resources */,
				566A5BFE239ADFDF006D96CF /* timer15Secs3.wav in Resources */,
				566A5C02239ADFDF006D96CF /* foodBeingPut1.wav in Resources */,
				566A5BF4239ADFDF006D96CF /* teleport4.wav in Resources */,
				566A5C0C239ADFDF006D96CF /* timesUp3.wav in Resources */,
				566A5C0A239ADFDF006D96CF /* hatch3.wav in Resources */,
				566A5C0B239ADFDF006D96CF /* cooking1.wav in Resources */,
				566A5BE5239ADFDF006D96CF /* coin1.wav in Resources */,
				566A5BFF239ADFDF006D96CF /* cutelo2.wav in Resources */,
				562BCF5A23881CF900D5D51D /* GameScene.sks in Resources */,
				562BCF6523881CFC00D5D51D /* Assets.xcassets in Resources */,
				566A5BFA239ADFDF006D96CF /* timesUp1.wav in Resources */,
				566A5BF8239ADFDF006D96CF /* coin2.wav in Resources */,
				566A5BF2239ADFDF006D96CF /* fry3.wav in Resources */,
				566A5BF5239ADFDF006D96CF /* timesUp2.wav in Resources */,
				562BCF6823881CFC00D5D51D /* LaunchScreen.storyboard in Resources */,
				566A5BF9239ADFDF006D96CF /* timer15Secs2.wav in Resources */,
				FB2CB744238D5D2C001C72F3 /* MenuStoryboard.storyboard in Resources */,
				566A5BF7239ADFDF006D96CF /* roundStarted3.wav in Resources */,
			);
			runOnlyForDeploymentPostprocessing = 0;
		};
/* End PBXResourcesBuildPhase section */

/* Begin PBXShellScriptBuildPhase section */
		471795EC238C6520000575B0 /* ShellScript */ = {
			isa = PBXShellScriptBuildPhase;
			buildActionMask = 2147483647;
			files = (
			);
			inputFileListPaths = (
			);
			inputPaths = (
			);
			outputFileListPaths = (
			);
			outputPaths = (
			);
			runOnlyForDeploymentPostprocessing = 0;
			shellPath = /bin/sh;
			shellScript = "# Type a script or drag a script file from your workspace to insert its path.\n\"${PODS_ROOT}/SwiftLint/swiftlint\"\n";
		};
		8558EB2BA8760397F6F98020 /* [CP] Check Pods Manifest.lock */ = {
			isa = PBXShellScriptBuildPhase;
			buildActionMask = 2147483647;
			files = (
			);
			inputFileListPaths = (
			);
			inputPaths = (
				"${PODS_PODFILE_DIR_PATH}/Podfile.lock",
				"${PODS_ROOT}/Manifest.lock",
			);
			name = "[CP] Check Pods Manifest.lock";
			outputFileListPaths = (
			);
			outputPaths = (
				"$(DERIVED_FILE_DIR)/Pods-Tompero-checkManifestLockResult.txt",
			);
			runOnlyForDeploymentPostprocessing = 0;
			shellPath = /bin/sh;
			shellScript = "diff \"${PODS_PODFILE_DIR_PATH}/Podfile.lock\" \"${PODS_ROOT}/Manifest.lock\" > /dev/null\nif [ $? != 0 ] ; then\n    # print error to STDERR\n    echo \"error: The sandbox is not in sync with the Podfile.lock. Run 'pod install' or update your CocoaPods installation.\" >&2\n    exit 1\nfi\n# This output is used by Xcode 'outputs' to avoid re-running this script phase.\necho \"SUCCESS\" > \"${SCRIPT_OUTPUT_FILE_0}\"\n";
			showEnvVarsInLog = 0;
		};
/* End PBXShellScriptBuildPhase section */

/* Begin PBXSourcesBuildPhase section */
		562BCF5023881CF900D5D51D /* Sources */ = {
			isa = PBXSourcesBuildPhase;
			buildActionMask = 2147483647;
			files = (
				471795E5238C14E7000575B0 /* MCDataType.swift in Sources */,
				471795E1238C1349000575B0 /* MCDataWrapper.swift in Sources */,
				FB25C2A9239455E8001FEAE6 /* UIImage+Gif.swift in Sources */,
				471795EB238C1E87000575B0 /* GameConnectionManagerObserver.swift in Sources */,
				47CC66CC238C056B00EB25C1 /* MCManager.swift in Sources */,
				471795E9238C1E54000575B0 /* GameConnectionManager.swift in Sources */,
				FB9BF391238E9D6A00437124 /* Storyboarded.swift in Sources */,
				566A5BAF239A8564006D96CF /* ComponentType.swift in Sources */,
				4722D477238EB750003D373C /* GameRuleFactory.swift in Sources */,
				476F70AC23933A1D0000465F /* TappableDelegate.swift in Sources */,
				471795E7238C1CB6000575B0 /* MCManagerDataObserver.swift in Sources */,
				FB9BF38F238E9CFA00437124 /* Coordinator.swift in Sources */,
				471795F0238C75CF000575B0 /* MCManagerMatchmakingObserver.swift in Sources */,
				4722D47F238EB982003D373C /* PlayerTableType.swift in Sources */,
				56E2D7C6238DC97D000F8A3F /* IngredientState.swift in Sources */,
				567A07B9238C805000D6399A /* Asteroid.swift in Sources */,
				567A07B5238C805000D6399A /* Ingredient.swift in Sources */,
				567A07BA238C805000D6399A /* MoonCheese.swift in Sources */,
				47D169B42399A154005541C6 /* OrderDeliveryNotification.swift in Sources */,
				567A07BB238C805000D6399A /* Order.swift in Sources */,
				FB2CB742238D5D2C001C72F3 /* MenuCollectionViewCell.swift in Sources */,
				476925C62390AA0900FBAB1F /* SKNodeExtensions.swift in Sources */,
				FB2CB743238D5D2C001C72F3 /* MenuCollectionViewController.swift in Sources */,
				562BCF5E23881CF900D5D51D /* GameScene.swift in Sources */,
				567A07B6238C805000D6399A /* Broccoli.swift in Sources */,
				562BCF76238824FE00D5D51D /* WaitingRoomViewController.swift in Sources */,
				472F9F2823992FEA00DC7B9C /* PlateNode.swift in Sources */,
				567A07B0238C805000D6399A /* Horn.swift in Sources */,
				4733B6A62393597700D80AD0 /* MovableDelegate.swift in Sources */,
				4722D47B238EB7C9003D373C /* GameRule.swift in Sources */,
				567A07B7238C805000D6399A /* SaturnOnionRings.swift in Sources */,
				FB56706C2397F43100B5ABA8 /* NSLayoutConstraintExtention.swift in Sources */,
				47CBC4CE23943B1B001CD4E8 /* SKActionExtensions.swift in Sources */,
				56E2D7C0238DA28E000F8A3F /* ChoppableComponent.swift in Sources */,
				562BCF6023881CF900D5D51D /* GameViewController.swift in Sources */,
				567A07B1238C805000D6399A /* Eyes.swift in Sources */,
				567A07BD238C805000D6399A /* SpaceshipHull.swift in Sources */,
				476925C52390AA0900FBAB1F /* CGPointVectorExtensions.swift in Sources */,
				4722D487238FFA93003D373C /* MCPeerWithStatus.swift in Sources */,
				567A07BF238C805000D6399A /* OrderList.swift in Sources */,
				4722D479238EB762003D373C /* GameDifficulty.swift in Sources */,
				56B3A7B62391B93B005E0807 /* IngredientNode.swift in Sources */,
				56E2D7CB238DFDEC000F8A3F /* HasSprite.swift in Sources */,
				567A07B2238C805000D6399A /* DevilMashedBread.swift in Sources */,
				4722D47D238EB91F003D373C /* PlayerTable.swift in Sources */,
				565AEFE4239164E300E3E15F /* StationNode.swift in Sources */,
				567A07B4238C805000D6399A /* Plate.swift in Sources */,
				476F70A8239336490000465F /* TappableSpriteNode.swift in Sources */,
				56B3A7BA2391CDC7005E0807 /* StationType.swift in Sources */,
				56E2D7C4238DC95D000F8A3F /* FryableComponent.swift in Sources */,
				566A5BB2239AD3AF006D96CF /* OrderListNode.swift in Sources */,
				56E2D7C8238DC992000F8A3F /* CookableComponent.swift in Sources */,
				56E2D7C2238DA2B8000F8A3F /* Component.swift in Sources */,
				56EDA92A239B48B7004BFC2C /* OrderNode.swift in Sources */,
				565AEFE223915E6400E3E15F /* MovableSpriteNode.swift in Sources */,
				FB9BF393238E9F4700437124 /* MainCoordinator.swift in Sources */,
				567A07BC238C805000D6399A /* Tardigrades.swift in Sources */,
				567A07C0238C805000D6399A /* MarsSand.swift in Sources */,
				567A07B8238C805000D6399A /* HasIngredients.swift in Sources */,
				567A07B3238C805000D6399A /* Tentacle.swift in Sources */,
				FBFDDCFE238C040700CD503A /* InicialViewController.swift in Sources */,
				476925C72390AA0900FBAB1F /* SKSceneExtensions.swift in Sources */,
				562BCF5823881CF900D5D51D /* AppDelegate.swift in Sources */,
			);
			runOnlyForDeploymentPostprocessing = 0;
		};
/* End PBXSourcesBuildPhase section */

/* Begin PBXVariantGroup section */
		562BCF6123881CF900D5D51D /* Main.storyboard */ = {
			isa = PBXVariantGroup;
			children = (
				562BCF6223881CF900D5D51D /* Base */,
			);
			name = Main.storyboard;
			sourceTree = "<group>";
		};
		562BCF6623881CFC00D5D51D /* LaunchScreen.storyboard */ = {
			isa = PBXVariantGroup;
			children = (
				562BCF6723881CFC00D5D51D /* Base */,
			);
			name = LaunchScreen.storyboard;
			sourceTree = "<group>";
		};
/* End PBXVariantGroup section */

/* Begin XCBuildConfiguration section */
		562BCF6A23881CFC00D5D51D /* Debug */ = {
			isa = XCBuildConfiguration;
			buildSettings = {
				ALWAYS_SEARCH_USER_PATHS = NO;
				CLANG_ANALYZER_NONNULL = YES;
				CLANG_ANALYZER_NUMBER_OBJECT_CONVERSION = YES_AGGRESSIVE;
				CLANG_CXX_LANGUAGE_STANDARD = "gnu++14";
				CLANG_CXX_LIBRARY = "libc++";
				CLANG_ENABLE_MODULES = YES;
				CLANG_ENABLE_OBJC_ARC = YES;
				CLANG_ENABLE_OBJC_WEAK = YES;
				CLANG_WARN_BLOCK_CAPTURE_AUTORELEASING = YES;
				CLANG_WARN_BOOL_CONVERSION = YES;
				CLANG_WARN_COMMA = YES;
				CLANG_WARN_CONSTANT_CONVERSION = YES;
				CLANG_WARN_DEPRECATED_OBJC_IMPLEMENTATIONS = YES;
				CLANG_WARN_DIRECT_OBJC_ISA_USAGE = YES_ERROR;
				CLANG_WARN_DOCUMENTATION_COMMENTS = YES;
				CLANG_WARN_EMPTY_BODY = YES;
				CLANG_WARN_ENUM_CONVERSION = YES;
				CLANG_WARN_INFINITE_RECURSION = YES;
				CLANG_WARN_INT_CONVERSION = YES;
				CLANG_WARN_NON_LITERAL_NULL_CONVERSION = YES;
				CLANG_WARN_OBJC_IMPLICIT_RETAIN_SELF = YES;
				CLANG_WARN_OBJC_LITERAL_CONVERSION = YES;
				CLANG_WARN_OBJC_ROOT_CLASS = YES_ERROR;
				CLANG_WARN_RANGE_LOOP_ANALYSIS = YES;
				CLANG_WARN_STRICT_PROTOTYPES = YES;
				CLANG_WARN_SUSPICIOUS_MOVE = YES;
				CLANG_WARN_UNGUARDED_AVAILABILITY = YES_AGGRESSIVE;
				CLANG_WARN_UNREACHABLE_CODE = YES;
				CLANG_WARN__DUPLICATE_METHOD_MATCH = YES;
				COPY_PHASE_STRIP = NO;
				DEBUG_INFORMATION_FORMAT = dwarf;
				ENABLE_STRICT_OBJC_MSGSEND = YES;
				ENABLE_TESTABILITY = YES;
				GCC_C_LANGUAGE_STANDARD = gnu11;
				GCC_DYNAMIC_NO_PIC = NO;
				GCC_NO_COMMON_BLOCKS = YES;
				GCC_OPTIMIZATION_LEVEL = 0;
				GCC_PREPROCESSOR_DEFINITIONS = (
					"DEBUG=1",
					"$(inherited)",
				);
				GCC_WARN_64_TO_32_BIT_CONVERSION = YES;
				GCC_WARN_ABOUT_RETURN_TYPE = YES_ERROR;
				GCC_WARN_UNDECLARED_SELECTOR = YES;
				GCC_WARN_UNINITIALIZED_AUTOS = YES_AGGRESSIVE;
				GCC_WARN_UNUSED_FUNCTION = YES;
				GCC_WARN_UNUSED_VARIABLE = YES;
				IPHONEOS_DEPLOYMENT_TARGET = 13.0;
				MTL_ENABLE_DEBUG_INFO = INCLUDE_SOURCE;
				MTL_FAST_MATH = YES;
				ONLY_ACTIVE_ARCH = YES;
				SDKROOT = iphoneos;
				SWIFT_ACTIVE_COMPILATION_CONDITIONS = DEBUG;
				SWIFT_OPTIMIZATION_LEVEL = "-Onone";
			};
			name = Debug;
		};
		562BCF6B23881CFC00D5D51D /* Release */ = {
			isa = XCBuildConfiguration;
			buildSettings = {
				ALWAYS_SEARCH_USER_PATHS = NO;
				CLANG_ANALYZER_NONNULL = YES;
				CLANG_ANALYZER_NUMBER_OBJECT_CONVERSION = YES_AGGRESSIVE;
				CLANG_CXX_LANGUAGE_STANDARD = "gnu++14";
				CLANG_CXX_LIBRARY = "libc++";
				CLANG_ENABLE_MODULES = YES;
				CLANG_ENABLE_OBJC_ARC = YES;
				CLANG_ENABLE_OBJC_WEAK = YES;
				CLANG_WARN_BLOCK_CAPTURE_AUTORELEASING = YES;
				CLANG_WARN_BOOL_CONVERSION = YES;
				CLANG_WARN_COMMA = YES;
				CLANG_WARN_CONSTANT_CONVERSION = YES;
				CLANG_WARN_DEPRECATED_OBJC_IMPLEMENTATIONS = YES;
				CLANG_WARN_DIRECT_OBJC_ISA_USAGE = YES_ERROR;
				CLANG_WARN_DOCUMENTATION_COMMENTS = YES;
				CLANG_WARN_EMPTY_BODY = YES;
				CLANG_WARN_ENUM_CONVERSION = YES;
				CLANG_WARN_INFINITE_RECURSION = YES;
				CLANG_WARN_INT_CONVERSION = YES;
				CLANG_WARN_NON_LITERAL_NULL_CONVERSION = YES;
				CLANG_WARN_OBJC_IMPLICIT_RETAIN_SELF = YES;
				CLANG_WARN_OBJC_LITERAL_CONVERSION = YES;
				CLANG_WARN_OBJC_ROOT_CLASS = YES_ERROR;
				CLANG_WARN_RANGE_LOOP_ANALYSIS = YES;
				CLANG_WARN_STRICT_PROTOTYPES = YES;
				CLANG_WARN_SUSPICIOUS_MOVE = YES;
				CLANG_WARN_UNGUARDED_AVAILABILITY = YES_AGGRESSIVE;
				CLANG_WARN_UNREACHABLE_CODE = YES;
				CLANG_WARN__DUPLICATE_METHOD_MATCH = YES;
				COPY_PHASE_STRIP = NO;
				DEBUG_INFORMATION_FORMAT = "dwarf-with-dsym";
				ENABLE_NS_ASSERTIONS = NO;
				ENABLE_STRICT_OBJC_MSGSEND = YES;
				GCC_C_LANGUAGE_STANDARD = gnu11;
				GCC_NO_COMMON_BLOCKS = YES;
				GCC_WARN_64_TO_32_BIT_CONVERSION = YES;
				GCC_WARN_ABOUT_RETURN_TYPE = YES_ERROR;
				GCC_WARN_UNDECLARED_SELECTOR = YES;
				GCC_WARN_UNINITIALIZED_AUTOS = YES_AGGRESSIVE;
				GCC_WARN_UNUSED_FUNCTION = YES;
				GCC_WARN_UNUSED_VARIABLE = YES;
				IPHONEOS_DEPLOYMENT_TARGET = 13.0;
				MTL_ENABLE_DEBUG_INFO = NO;
				MTL_FAST_MATH = YES;
				SDKROOT = iphoneos;
				SWIFT_COMPILATION_MODE = wholemodule;
				SWIFT_OPTIMIZATION_LEVEL = "-O";
				VALIDATE_PRODUCT = YES;
			};
			name = Release;
		};
		562BCF6D23881CFC00D5D51D /* Debug */ = {
			isa = XCBuildConfiguration;
			baseConfigurationReference = 8DD3C20EEB7D6EC0D5684DDC /* Pods-Tompero.debug.xcconfig */;
			buildSettings = {
				ASSETCATALOG_COMPILER_APPICON_NAME = AppIcon;
				CODE_SIGN_STYLE = Automatic;
				DEVELOPMENT_TEAM = 5MSP4455P9;
				INFOPLIST_FILE = Tompero/Info.plist;
				LD_RUNPATH_SEARCH_PATHS = (
					"$(inherited)",
					"@executable_path/Frameworks",
				);
				PRODUCT_BUNDLE_IDENTIFIER = com.enzomaruffa.spacespice;
				PRODUCT_NAME = SpaceSpice;
				SWIFT_VERSION = 5.0;
				TARGETED_DEVICE_FAMILY = "1,2";
			};
			name = Debug;
		};
		562BCF6E23881CFC00D5D51D /* Release */ = {
			isa = XCBuildConfiguration;
			baseConfigurationReference = 4DAFEC243ECD8CDB29A29BAB /* Pods-Tompero.release.xcconfig */;
			buildSettings = {
				ASSETCATALOG_COMPILER_APPICON_NAME = AppIcon;
				CODE_SIGN_STYLE = Automatic;
				DEVELOPMENT_TEAM = 5MSP4455P9;
				INFOPLIST_FILE = Tompero/Info.plist;
				LD_RUNPATH_SEARCH_PATHS = (
					"$(inherited)",
					"@executable_path/Frameworks",
				);
				PRODUCT_BUNDLE_IDENTIFIER = com.enzomaruffa.spacespice;
				PRODUCT_NAME = SpaceSpice;
				SWIFT_VERSION = 5.0;
				TARGETED_DEVICE_FAMILY = "1,2";
			};
			name = Release;
		};
/* End XCBuildConfiguration section */

/* Begin XCConfigurationList section */
		562BCF4F23881CF900D5D51D /* Build configuration list for PBXProject "Tompero" */ = {
			isa = XCConfigurationList;
			buildConfigurations = (
				562BCF6A23881CFC00D5D51D /* Debug */,
				562BCF6B23881CFC00D5D51D /* Release */,
			);
			defaultConfigurationIsVisible = 0;
			defaultConfigurationName = Release;
		};
		562BCF6C23881CFC00D5D51D /* Build configuration list for PBXNativeTarget "Tompero" */ = {
			isa = XCConfigurationList;
			buildConfigurations = (
				562BCF6D23881CFC00D5D51D /* Debug */,
				562BCF6E23881CFC00D5D51D /* Release */,
			);
			defaultConfigurationIsVisible = 0;
			defaultConfigurationName = Release;
		};
/* End XCConfigurationList section */
	};
	rootObject = 562BCF4C23881CF900D5D51D /* Project object */;
}
