// !$*UTF8*$!
{
	archiveVersion = 1;
	classes = {
	};
	objectVersion = 50;
	objects = {

/* Begin PBXBuildFile section */
		408CF0B422695B130AEAF368 /* Pods_Tompero.framework in Frameworks */ = {isa = PBXBuildFile; fileRef = B688C2DD78186CF812918984 /* Pods_Tompero.framework */; };
		471795E1238C1349000575B0 /* MCDataWrapper.swift in Sources */ = {isa = PBXBuildFile; fileRef = 471795E0238C1349000575B0 /* MCDataWrapper.swift */; };
		471795E5238C14E7000575B0 /* MCDataType.swift in Sources */ = {isa = PBXBuildFile; fileRef = 471795E4238C14E7000575B0 /* MCDataType.swift */; };
		471795E7238C1CB6000575B0 /* MCManagerDataObserver.swift in Sources */ = {isa = PBXBuildFile; fileRef = 471795E6238C1CB6000575B0 /* MCManagerDataObserver.swift */; };
		471795E9238C1E54000575B0 /* GameConnectionManager.swift in Sources */ = {isa = PBXBuildFile; fileRef = 471795E8238C1E54000575B0 /* GameConnectionManager.swift */; };
		471795EB238C1E87000575B0 /* GameConnectionManagerObserver.swift in Sources */ = {isa = PBXBuildFile; fileRef = 471795EA238C1E87000575B0 /* GameConnectionManagerObserver.swift */; };
		471795F0238C75CF000575B0 /* MCManagerMatchmakingObserver.swift in Sources */ = {isa = PBXBuildFile; fileRef = 471795EF238C75CF000575B0 /* MCManagerMatchmakingObserver.swift */; };
		4722D477238EB750003D373C /* GameRuleFactory.swift in Sources */ = {isa = PBXBuildFile; fileRef = 4722D476238EB750003D373C /* GameRuleFactory.swift */; };
		4722D479238EB762003D373C /* GameDifficulty.swift in Sources */ = {isa = PBXBuildFile; fileRef = 4722D478238EB762003D373C /* GameDifficulty.swift */; };
		4722D47B238EB7C9003D373C /* GameRule.swift in Sources */ = {isa = PBXBuildFile; fileRef = 4722D47A238EB7C9003D373C /* GameRule.swift */; };
		4722D47D238EB91F003D373C /* PlayerTable.swift in Sources */ = {isa = PBXBuildFile; fileRef = 4722D47C238EB91F003D373C /* PlayerTable.swift */; };
		4722D47F238EB982003D373C /* PlayerTableType.swift in Sources */ = {isa = PBXBuildFile; fileRef = 4722D47E238EB982003D373C /* PlayerTableType.swift */; };
		4722D487238FFA93003D373C /* MCPeerWithStatus.swift in Sources */ = {isa = PBXBuildFile; fileRef = 4722D486238FFA93003D373C /* MCPeerWithStatus.swift */; };
		472F9F2823992FEA00DC7B9C /* PlateNode.swift in Sources */ = {isa = PBXBuildFile; fileRef = 472F9F2723992FEA00DC7B9C /* PlateNode.swift */; };
		4733B6A62393597700D80AD0 /* MovableDelegate.swift in Sources */ = {isa = PBXBuildFile; fileRef = 4733B6A52393597700D80AD0 /* MovableDelegate.swift */; };
		47632784239D49C4006BA9C5 /* MatchStatistics.swift in Sources */ = {isa = PBXBuildFile; fileRef = 47632783239D49C4006BA9C5 /* MatchStatistics.swift */; };
		476925C52390AA0900FBAB1F /* CGPointVectorExtensions.swift in Sources */ = {isa = PBXBuildFile; fileRef = 476925C22390AA0900FBAB1F /* CGPointVectorExtensions.swift */; };
		476925C62390AA0900FBAB1F /* SKNodeExtensions.swift in Sources */ = {isa = PBXBuildFile; fileRef = 476925C32390AA0900FBAB1F /* SKNodeExtensions.swift */; };
		476925C72390AA0900FBAB1F /* SKSceneExtensions.swift in Sources */ = {isa = PBXBuildFile; fileRef = 476925C42390AA0900FBAB1F /* SKSceneExtensions.swift */; };
		476B7C93239C3276004D4116 /* Cook.atlas in Resources */ = {isa = PBXBuildFile; fileRef = 476B7C8E239C3275004D4116 /* Cook.atlas */; };
		476B7C94239C3276004D4116 /* HatchVacuum.atlas in Resources */ = {isa = PBXBuildFile; fileRef = 476B7C8F239C3275004D4116 /* HatchVacuum.atlas */; };
		476B7C95239C3276004D4116 /* PipeVacuum.atlas in Resources */ = {isa = PBXBuildFile; fileRef = 476B7C90239C3275004D4116 /* PipeVacuum.atlas */; };
		476B7C96239C3276004D4116 /* CookBurnt.atlas in Resources */ = {isa = PBXBuildFile; fileRef = 476B7C91239C3275004D4116 /* CookBurnt.atlas */; };
		476B7C97239C3276004D4116 /* Fry.atlas in Resources */ = {isa = PBXBuildFile; fileRef = 476B7C92239C3276004D4116 /* Fry.atlas */; };
		476F70A8239336490000465F /* TappableSpriteNode.swift in Sources */ = {isa = PBXBuildFile; fileRef = 476F70A7239336490000465F /* TappableSpriteNode.swift */; };
		476F70AC23933A1D0000465F /* TappableDelegate.swift in Sources */ = {isa = PBXBuildFile; fileRef = 476F70AB23933A1C0000465F /* TappableDelegate.swift */; };
		479B784A239D8BAC003BC9DE /* Statistics.storyboard in Resources */ = {isa = PBXBuildFile; fileRef = 479B7849239D8BAC003BC9DE /* Statistics.storyboard */; };
		479B784C239D8BCB003BC9DE /* StatisticsViewController.swift in Sources */ = {isa = PBXBuildFile; fileRef = 479B784B239D8BCB003BC9DE /* StatisticsViewController.swift */; };
		47BE3ED6239C1F7200246F20 /* TeleportGreen.atlas in Resources */ = {isa = PBXBuildFile; fileRef = 47BE3ECD239C1F7000246F20 /* TeleportGreen.atlas */; };
		47BE3ED7239C1F7200246F20 /* TeleportOrange.atlas in Resources */ = {isa = PBXBuildFile; fileRef = 47BE3ECE239C1F7000246F20 /* TeleportOrange.atlas */; };
		47BE3ED8239C1F7200246F20 /* TeleportPurple.atlas in Resources */ = {isa = PBXBuildFile; fileRef = 47BE3ECF239C1F7000246F20 /* TeleportPurple.atlas */; };
		47BE3EDC239C1F7200246F20 /* TeleportBlue.atlas in Resources */ = {isa = PBXBuildFile; fileRef = 47BE3ED3239C1F7200246F20 /* TeleportBlue.atlas */; };
		47CBC4CE23943B1B001CD4E8 /* SKActionExtensions.swift in Sources */ = {isa = PBXBuildFile; fileRef = 47CBC4CD23943B1B001CD4E8 /* SKActionExtensions.swift */; };
		47CC66CC238C056B00EB25C1 /* MCManager.swift in Sources */ = {isa = PBXBuildFile; fileRef = 47CC66CB238C056B00EB25C1 /* MCManager.swift */; };
		47D169B42399A154005541C6 /* OrderDeliveryNotification.swift in Sources */ = {isa = PBXBuildFile; fileRef = 47D169B32399A154005541C6 /* OrderDeliveryNotification.swift */; };
		56219D87239EAFA6001CE5DB /* GameScene.sks in Resources */ = {isa = PBXBuildFile; fileRef = 56219D86239EAFA6001CE5DB /* GameScene.sks */; };
		562BCF5823881CF900D5D51D /* AppDelegate.swift in Sources */ = {isa = PBXBuildFile; fileRef = 562BCF5723881CF900D5D51D /* AppDelegate.swift */; };
		562BCF5E23881CF900D5D51D /* GameScene.swift in Sources */ = {isa = PBXBuildFile; fileRef = 562BCF5D23881CF900D5D51D /* GameScene.swift */; };
		562BCF6023881CF900D5D51D /* GameViewController.swift in Sources */ = {isa = PBXBuildFile; fileRef = 562BCF5F23881CF900D5D51D /* GameViewController.swift */; };
		562BCF6523881CFC00D5D51D /* Assets.xcassets in Resources */ = {isa = PBXBuildFile; fileRef = 562BCF6423881CFC00D5D51D /* Assets.xcassets */; };
		562BCF6823881CFC00D5D51D /* LaunchScreen.storyboard in Resources */ = {isa = PBXBuildFile; fileRef = 562BCF6623881CFC00D5D51D /* LaunchScreen.storyboard */; };
		562BCF742388249E00D5D51D /* WaitingRoom.storyboard in Resources */ = {isa = PBXBuildFile; fileRef = 562BCF732388249E00D5D51D /* WaitingRoom.storyboard */; };
		562BCF76238824FE00D5D51D /* WaitingRoomViewController.swift in Sources */ = {isa = PBXBuildFile; fileRef = 562BCF75238824FE00D5D51D /* WaitingRoomViewController.swift */; };
		565AEFE223915E6400E3E15F /* MovableSpriteNode.swift in Sources */ = {isa = PBXBuildFile; fileRef = 565AEFE123915E6400E3E15F /* MovableSpriteNode.swift */; };
		565AEFE4239164E300E3E15F /* StationNode.swift in Sources */ = {isa = PBXBuildFile; fileRef = 565AEFE3239164E300E3E15F /* StationNode.swift */; };
		566A5BAF239A8564006D96CF /* ComponentType.swift in Sources */ = {isa = PBXBuildFile; fileRef = 566A5BAE239A8564006D96CF /* ComponentType.swift */; };
		566A5BB2239AD3AF006D96CF /* OrderListNode.swift in Sources */ = {isa = PBXBuildFile; fileRef = 566A5BB1239AD3AF006D96CF /* OrderListNode.swift */; };
		566E9BD3239D391400787210 /* ProgressBar.swift in Sources */ = {isa = PBXBuildFile; fileRef = 566E9BD2239D391400787210 /* ProgressBar.swift */; };
		566E9C83239D7EC100787210 /* cooking.wav in Resources */ = {isa = PBXBuildFile; fileRef = 566E9C74239D7EBE00787210 /* cooking.wav */; };
		566E9C84239D7EC100787210 /* endTimer.wav in Resources */ = {isa = PBXBuildFile; fileRef = 566E9C75239D7EBE00787210 /* endTimer.wav */; };
		566E9C85239D7EC100787210 /* burn.wav in Resources */ = {isa = PBXBuildFile; fileRef = 566E9C76239D7EBE00787210 /* burn.wav */; };
		566E9C86239D7EC100787210 /* roundStarted.wav in Resources */ = {isa = PBXBuildFile; fileRef = 566E9C77239D7EBE00787210 /* roundStarted.wav */; };
		566E9C87239D7EC100787210 /* cashRegister.wav in Resources */ = {isa = PBXBuildFile; fileRef = 566E9C78239D7EBE00787210 /* cashRegister.wav */; };
		566E9C88239D7EC100787210 /* takeFood.wav in Resources */ = {isa = PBXBuildFile; fileRef = 566E9C79239D7EBF00787210 /* takeFood.wav */; };
		566E9C89239D7EC100787210 /* orderUp.wav in Resources */ = {isa = PBXBuildFile; fileRef = 566E9C7A239D7EBF00787210 /* orderUp.wav */; };
		566E9C8A239D7EC100787210 /* frying.wav in Resources */ = {isa = PBXBuildFile; fileRef = 566E9C7B239D7EBF00787210 /* frying.wav */; };
		566E9C8B239D7EC100787210 /* hatch.wav in Resources */ = {isa = PBXBuildFile; fileRef = 566E9C7C239D7EBF00787210 /* hatch.wav */; };
		566E9C8C239D7EC100787210 /* chopping.wav in Resources */ = {isa = PBXBuildFile; fileRef = 566E9C7D239D7EBF00787210 /* chopping.wav */; };
		566E9C8D239D7EC100787210 /* airSuction.wav in Resources */ = {isa = PBXBuildFile; fileRef = 566E9C7E239D7EC000787210 /* airSuction.wav */; };
		566E9C8E239D7EC100787210 /* timesUp.wav in Resources */ = {isa = PBXBuildFile; fileRef = 566E9C7F239D7EC000787210 /* timesUp.wav */; };
		566E9C8F239D7EC100787210 /* orderDone.wav in Resources */ = {isa = PBXBuildFile; fileRef = 566E9C80239D7EC000787210 /* orderDone.wav */; };
		566E9C90239D7EC100787210 /* putFoodDown.wav in Resources */ = {isa = PBXBuildFile; fileRef = 566E9C81239D7EC000787210 /* putFoodDown.wav */; };
		566E9C91239D7EC100787210 /* teleporter.wav in Resources */ = {isa = PBXBuildFile; fileRef = 566E9C82239D7EC100787210 /* teleporter.wav */; };
		566E9C96239D823400787210 /* Track.swift in Sources */ = {isa = PBXBuildFile; fileRef = 566E9C92239D823300787210 /* Track.swift */; };
		566E9C98239D823400787210 /* CustomAudioPlayer.swift in Sources */ = {isa = PBXBuildFile; fileRef = 566E9C94239D823300787210 /* CustomAudioPlayer.swift */; };
		566E9C99239D823400787210 /* MusicPlayer.swift in Sources */ = {isa = PBXBuildFile; fileRef = 566E9C95239D823300787210 /* MusicPlayer.swift */; };
		566E9C9B239D82E200787210 /* SFXPlayer.swift in Sources */ = {isa = PBXBuildFile; fileRef = 566E9C9A239D82E200787210 /* SFXPlayer.swift */; };
		567A07B0238C805000D6399A /* Horn.swift in Sources */ = {isa = PBXBuildFile; fileRef = 567A079F238C805000D6399A /* Horn.swift */; };
		567A07B1238C805000D6399A /* Eyes.swift in Sources */ = {isa = PBXBuildFile; fileRef = 567A07A0238C805000D6399A /* Eyes.swift */; };
		567A07B2238C805000D6399A /* DevilMashedBread.swift in Sources */ = {isa = PBXBuildFile; fileRef = 567A07A1238C805000D6399A /* DevilMashedBread.swift */; };
		567A07B3238C805000D6399A /* Tentacle.swift in Sources */ = {isa = PBXBuildFile; fileRef = 567A07A2238C805000D6399A /* Tentacle.swift */; };
		567A07B4238C805000D6399A /* Plate.swift in Sources */ = {isa = PBXBuildFile; fileRef = 567A07A3238C805000D6399A /* Plate.swift */; };
		567A07B5238C805000D6399A /* Ingredient.swift in Sources */ = {isa = PBXBuildFile; fileRef = 567A07A4238C805000D6399A /* Ingredient.swift */; };
		567A07B6238C805000D6399A /* Broccoli.swift in Sources */ = {isa = PBXBuildFile; fileRef = 567A07A5238C805000D6399A /* Broccoli.swift */; };
		567A07B7238C805000D6399A /* SaturnOnionRings.swift in Sources */ = {isa = PBXBuildFile; fileRef = 567A07A6238C805000D6399A /* SaturnOnionRings.swift */; };
		567A07B8238C805000D6399A /* HasIngredients.swift in Sources */ = {isa = PBXBuildFile; fileRef = 567A07A7238C805000D6399A /* HasIngredients.swift */; };
		567A07B9238C805000D6399A /* Asteroid.swift in Sources */ = {isa = PBXBuildFile; fileRef = 567A07A8238C805000D6399A /* Asteroid.swift */; };
		567A07BA238C805000D6399A /* MoonCheese.swift in Sources */ = {isa = PBXBuildFile; fileRef = 567A07A9238C805000D6399A /* MoonCheese.swift */; };
		567A07BB238C805000D6399A /* Order.swift in Sources */ = {isa = PBXBuildFile; fileRef = 567A07AA238C805000D6399A /* Order.swift */; };
		567A07BC238C805000D6399A /* Tardigrades.swift in Sources */ = {isa = PBXBuildFile; fileRef = 567A07AB238C805000D6399A /* Tardigrades.swift */; };
		567A07BD238C805000D6399A /* SpaceshipHull.swift in Sources */ = {isa = PBXBuildFile; fileRef = 567A07AC238C805000D6399A /* SpaceshipHull.swift */; };
		567A07C0238C805000D6399A /* MarsSand.swift in Sources */ = {isa = PBXBuildFile; fileRef = 567A07AF238C805000D6399A /* MarsSand.swift */; };
		569B4D2A239E67E20057C7CC /* TrackWithIntro.swift in Sources */ = {isa = PBXBuildFile; fileRef = 569B4D29239E67E20057C7CC /* TrackWithIntro.swift */; };
		569B4D35239E6D610057C7CC /* gameMusicIntro.m4a in Resources */ = {isa = PBXBuildFile; fileRef = 569B4D33239E6D610057C7CC /* gameMusicIntro.m4a */; };
		569B4D36239E6D610057C7CC /* gameMusic.m4a in Resources */ = {isa = PBXBuildFile; fileRef = 569B4D34239E6D610057C7CC /* gameMusic.m4a */; };
		56B3A7B62391B93B005E0807 /* IngredientNode.swift in Sources */ = {isa = PBXBuildFile; fileRef = 56B3A7B52391B93B005E0807 /* IngredientNode.swift */; };
		56B3A7BA2391CDC7005E0807 /* StationType.swift in Sources */ = {isa = PBXBuildFile; fileRef = 56B3A7B92391CDC7005E0807 /* StationType.swift */; };
		56E2D7C0238DA28E000F8A3F /* ChoppableComponent.swift in Sources */ = {isa = PBXBuildFile; fileRef = 56E2D7BF238DA28E000F8A3F /* ChoppableComponent.swift */; };
		56E2D7C2238DA2B8000F8A3F /* Component.swift in Sources */ = {isa = PBXBuildFile; fileRef = 56E2D7C1238DA2B8000F8A3F /* Component.swift */; };
		56E2D7C4238DC95D000F8A3F /* FryableComponent.swift in Sources */ = {isa = PBXBuildFile; fileRef = 56E2D7C3238DC95D000F8A3F /* FryableComponent.swift */; };
		56E2D7C6238DC97D000F8A3F /* IngredientState.swift in Sources */ = {isa = PBXBuildFile; fileRef = 56E2D7C5238DC97D000F8A3F /* IngredientState.swift */; };
		56E2D7C8238DC992000F8A3F /* CookableComponent.swift in Sources */ = {isa = PBXBuildFile; fileRef = 56E2D7C7238DC992000F8A3F /* CookableComponent.swift */; };
		56E2D7CB238DFDEC000F8A3F /* HasSprite.swift in Sources */ = {isa = PBXBuildFile; fileRef = 56E2D7CA238DFDEC000F8A3F /* HasSprite.swift */; };
		56EDA92A239B48B7004BFC2C /* OrderNode.swift in Sources */ = {isa = PBXBuildFile; fileRef = 56EDA929239B48B7004BFC2C /* OrderNode.swift */; };
		FB2CB742238D5D2C001C72F3 /* MenuCollectionViewCell.swift in Sources */ = {isa = PBXBuildFile; fileRef = FB2CB73F238D5D2C001C72F3 /* MenuCollectionViewCell.swift */; };
		FB2CB743238D5D2C001C72F3 /* MenuCollectionViewController.swift in Sources */ = {isa = PBXBuildFile; fileRef = FB2CB740238D5D2C001C72F3 /* MenuCollectionViewController.swift */; };
		FB2CB744238D5D2C001C72F3 /* MenuStoryboard.storyboard in Resources */ = {isa = PBXBuildFile; fileRef = FB2CB741238D5D2C001C72F3 /* MenuStoryboard.storyboard */; };
		FB55FBE4239A9DAE002EBB89 /* TitilliumWeb-Bold.ttf in Resources */ = {isa = PBXBuildFile; fileRef = FB55FBE2239A9DAD002EBB89 /* TitilliumWeb-Bold.ttf */; };
		FB55FBE5239A9DAE002EBB89 /* TitilliumWeb-Light.ttf in Resources */ = {isa = PBXBuildFile; fileRef = FB55FBE3239A9DAD002EBB89 /* TitilliumWeb-Light.ttf */; };
		FB55FBE8239C2824002EBB89 /* DialogView.swift in Sources */ = {isa = PBXBuildFile; fileRef = FB55FBE7239C2824002EBB89 /* DialogView.swift */; };
		FB55FBEB239C33D0002EBB89 /* Main.storyboard in Resources */ = {isa = PBXBuildFile; fileRef = FB55FBE9239C33D0002EBB89 /* Main.storyboard */; };
		FB56706C2397F43100B5ABA8 /* NSLayoutConstraintExtention.swift in Sources */ = {isa = PBXBuildFile; fileRef = FB56706B2397F43100B5ABA8 /* NSLayoutConstraintExtention.swift */; };
		FB9BF38F238E9CFA00437124 /* Coordinator.swift in Sources */ = {isa = PBXBuildFile; fileRef = FB9BF38E238E9CFA00437124 /* Coordinator.swift */; };
		FB9BF391238E9D6A00437124 /* Storyboarded.swift in Sources */ = {isa = PBXBuildFile; fileRef = FB9BF390238E9D6A00437124 /* Storyboarded.swift */; };
		FB9BF393238E9F4700437124 /* MainCoordinator.swift in Sources */ = {isa = PBXBuildFile; fileRef = FB9BF392238E9F4700437124 /* MainCoordinator.swift */; };
		FB9BF395238EA67500437124 /* Game.storyboard in Resources */ = {isa = PBXBuildFile; fileRef = FB9BF394238EA67500437124 /* Game.storyboard */; };
		FBFDDCFE238C040700CD503A /* InicialViewController.swift in Sources */ = {isa = PBXBuildFile; fileRef = FBFDDCFD238C040700CD503A /* InicialViewController.swift */; };
/* End PBXBuildFile section */

/* Begin PBXFileReference section */
		471795E0238C1349000575B0 /* MCDataWrapper.swift */ = {isa = PBXFileReference; lastKnownFileType = sourcecode.swift; path = MCDataWrapper.swift; sourceTree = "<group>"; };
		471795E4238C14E7000575B0 /* MCDataType.swift */ = {isa = PBXFileReference; fileEncoding = 4; lastKnownFileType = sourcecode.swift; path = MCDataType.swift; sourceTree = "<group>"; };
		471795E6238C1CB6000575B0 /* MCManagerDataObserver.swift */ = {isa = PBXFileReference; lastKnownFileType = sourcecode.swift; path = MCManagerDataObserver.swift; sourceTree = "<group>"; };
		471795E8238C1E54000575B0 /* GameConnectionManager.swift */ = {isa = PBXFileReference; lastKnownFileType = sourcecode.swift; path = GameConnectionManager.swift; sourceTree = "<group>"; };
		471795EA238C1E87000575B0 /* GameConnectionManagerObserver.swift */ = {isa = PBXFileReference; lastKnownFileType = sourcecode.swift; path = GameConnectionManagerObserver.swift; sourceTree = "<group>"; };
		471795EF238C75CF000575B0 /* MCManagerMatchmakingObserver.swift */ = {isa = PBXFileReference; lastKnownFileType = sourcecode.swift; path = MCManagerMatchmakingObserver.swift; sourceTree = "<group>"; };
		4722D476238EB750003D373C /* GameRuleFactory.swift */ = {isa = PBXFileReference; lastKnownFileType = sourcecode.swift; path = GameRuleFactory.swift; sourceTree = "<group>"; };
		4722D478238EB762003D373C /* GameDifficulty.swift */ = {isa = PBXFileReference; lastKnownFileType = sourcecode.swift; path = GameDifficulty.swift; sourceTree = "<group>"; };
		4722D47A238EB7C9003D373C /* GameRule.swift */ = {isa = PBXFileReference; lastKnownFileType = sourcecode.swift; path = GameRule.swift; sourceTree = "<group>"; };
		4722D47C238EB91F003D373C /* PlayerTable.swift */ = {isa = PBXFileReference; lastKnownFileType = sourcecode.swift; path = PlayerTable.swift; sourceTree = "<group>"; };
		4722D47E238EB982003D373C /* PlayerTableType.swift */ = {isa = PBXFileReference; lastKnownFileType = sourcecode.swift; path = PlayerTableType.swift; sourceTree = "<group>"; };
		4722D486238FFA93003D373C /* MCPeerWithStatus.swift */ = {isa = PBXFileReference; lastKnownFileType = sourcecode.swift; path = MCPeerWithStatus.swift; sourceTree = "<group>"; };
		472F9F2723992FEA00DC7B9C /* PlateNode.swift */ = {isa = PBXFileReference; lastKnownFileType = sourcecode.swift; path = PlateNode.swift; sourceTree = "<group>"; };
		4733B6A52393597700D80AD0 /* MovableDelegate.swift */ = {isa = PBXFileReference; lastKnownFileType = sourcecode.swift; path = MovableDelegate.swift; sourceTree = "<group>"; };
		47632783239D49C4006BA9C5 /* MatchStatistics.swift */ = {isa = PBXFileReference; lastKnownFileType = sourcecode.swift; path = MatchStatistics.swift; sourceTree = "<group>"; };
		476925C22390AA0900FBAB1F /* CGPointVectorExtensions.swift */ = {isa = PBXFileReference; fileEncoding = 4; lastKnownFileType = sourcecode.swift; path = CGPointVectorExtensions.swift; sourceTree = "<group>"; };
		476925C32390AA0900FBAB1F /* SKNodeExtensions.swift */ = {isa = PBXFileReference; fileEncoding = 4; lastKnownFileType = sourcecode.swift; path = SKNodeExtensions.swift; sourceTree = "<group>"; };
		476925C42390AA0900FBAB1F /* SKSceneExtensions.swift */ = {isa = PBXFileReference; fileEncoding = 4; lastKnownFileType = sourcecode.swift; path = SKSceneExtensions.swift; sourceTree = "<group>"; };
		476B7C8E239C3275004D4116 /* Cook.atlas */ = {isa = PBXFileReference; lastKnownFileType = folder.skatlas; path = Cook.atlas; sourceTree = "<group>"; };
		476B7C8F239C3275004D4116 /* HatchVacuum.atlas */ = {isa = PBXFileReference; lastKnownFileType = folder.skatlas; path = HatchVacuum.atlas; sourceTree = "<group>"; };
		476B7C90239C3275004D4116 /* PipeVacuum.atlas */ = {isa = PBXFileReference; lastKnownFileType = folder.skatlas; path = PipeVacuum.atlas; sourceTree = "<group>"; };
		476B7C91239C3275004D4116 /* CookBurnt.atlas */ = {isa = PBXFileReference; lastKnownFileType = folder.skatlas; path = CookBurnt.atlas; sourceTree = "<group>"; };
		476B7C92239C3276004D4116 /* Fry.atlas */ = {isa = PBXFileReference; lastKnownFileType = folder.skatlas; path = Fry.atlas; sourceTree = "<group>"; };
		476F70A7239336490000465F /* TappableSpriteNode.swift */ = {isa = PBXFileReference; lastKnownFileType = sourcecode.swift; path = TappableSpriteNode.swift; sourceTree = "<group>"; };
		476F70AB23933A1C0000465F /* TappableDelegate.swift */ = {isa = PBXFileReference; fileEncoding = 4; lastKnownFileType = sourcecode.swift; path = TappableDelegate.swift; sourceTree = "<group>"; };
		479B7849239D8BAC003BC9DE /* Statistics.storyboard */ = {isa = PBXFileReference; lastKnownFileType = file.storyboard; path = Statistics.storyboard; sourceTree = "<group>"; };
		479B784B239D8BCB003BC9DE /* StatisticsViewController.swift */ = {isa = PBXFileReference; lastKnownFileType = sourcecode.swift; path = StatisticsViewController.swift; sourceTree = "<group>"; };
		47BE3ECD239C1F7000246F20 /* TeleportGreen.atlas */ = {isa = PBXFileReference; lastKnownFileType = folder.skatlas; path = TeleportGreen.atlas; sourceTree = "<group>"; };
		47BE3ECE239C1F7000246F20 /* TeleportOrange.atlas */ = {isa = PBXFileReference; lastKnownFileType = folder.skatlas; path = TeleportOrange.atlas; sourceTree = "<group>"; };
		47BE3ECF239C1F7000246F20 /* TeleportPurple.atlas */ = {isa = PBXFileReference; lastKnownFileType = folder.skatlas; path = TeleportPurple.atlas; sourceTree = "<group>"; };
		47BE3ED3239C1F7200246F20 /* TeleportBlue.atlas */ = {isa = PBXFileReference; lastKnownFileType = folder.skatlas; path = TeleportBlue.atlas; sourceTree = "<group>"; };
		47CBC4CD23943B1B001CD4E8 /* SKActionExtensions.swift */ = {isa = PBXFileReference; lastKnownFileType = sourcecode.swift; path = SKActionExtensions.swift; sourceTree = "<group>"; };
		47CC66CB238C056B00EB25C1 /* MCManager.swift */ = {isa = PBXFileReference; lastKnownFileType = sourcecode.swift; path = MCManager.swift; sourceTree = "<group>"; };
		47D169B32399A154005541C6 /* OrderDeliveryNotification.swift */ = {isa = PBXFileReference; lastKnownFileType = sourcecode.swift; path = OrderDeliveryNotification.swift; sourceTree = "<group>"; };
		4DAFEC243ECD8CDB29A29BAB /* Pods-Tompero.release.xcconfig */ = {isa = PBXFileReference; includeInIndex = 1; lastKnownFileType = text.xcconfig; name = "Pods-Tompero.release.xcconfig"; path = "Target Support Files/Pods-Tompero/Pods-Tompero.release.xcconfig"; sourceTree = "<group>"; };
		56219D86239EAFA6001CE5DB /* GameScene.sks */ = {isa = PBXFileReference; lastKnownFileType = file.sks; path = GameScene.sks; sourceTree = "<group>"; };
		562BCF5423881CF900D5D51D /* SpaceSpice.app */ = {isa = PBXFileReference; explicitFileType = wrapper.application; includeInIndex = 0; path = SpaceSpice.app; sourceTree = BUILT_PRODUCTS_DIR; };
		562BCF5723881CF900D5D51D /* AppDelegate.swift */ = {isa = PBXFileReference; lastKnownFileType = sourcecode.swift; path = AppDelegate.swift; sourceTree = "<group>"; };
		562BCF5D23881CF900D5D51D /* GameScene.swift */ = {isa = PBXFileReference; lastKnownFileType = sourcecode.swift; path = GameScene.swift; sourceTree = "<group>"; };
		562BCF5F23881CF900D5D51D /* GameViewController.swift */ = {isa = PBXFileReference; lastKnownFileType = sourcecode.swift; path = GameViewController.swift; sourceTree = "<group>"; };
		562BCF6423881CFC00D5D51D /* Assets.xcassets */ = {isa = PBXFileReference; lastKnownFileType = folder.assetcatalog; path = Assets.xcassets; sourceTree = "<group>"; };
		562BCF6723881CFC00D5D51D /* Base */ = {isa = PBXFileReference; lastKnownFileType = file.storyboard; name = Base; path = Base.lproj/LaunchScreen.storyboard; sourceTree = "<group>"; };
		562BCF6923881CFC00D5D51D /* Info.plist */ = {isa = PBXFileReference; lastKnownFileType = text.plist.xml; path = Info.plist; sourceTree = "<group>"; };
		562BCF732388249E00D5D51D /* WaitingRoom.storyboard */ = {isa = PBXFileReference; lastKnownFileType = file.storyboard; path = WaitingRoom.storyboard; sourceTree = "<group>"; };
		562BCF75238824FE00D5D51D /* WaitingRoomViewController.swift */ = {isa = PBXFileReference; lastKnownFileType = sourcecode.swift; path = WaitingRoomViewController.swift; sourceTree = "<group>"; };
		565AEFE123915E6400E3E15F /* MovableSpriteNode.swift */ = {isa = PBXFileReference; lastKnownFileType = sourcecode.swift; path = MovableSpriteNode.swift; sourceTree = "<group>"; };
		565AEFE3239164E300E3E15F /* StationNode.swift */ = {isa = PBXFileReference; lastKnownFileType = sourcecode.swift; path = StationNode.swift; sourceTree = "<group>"; };
		566A5BAE239A8564006D96CF /* ComponentType.swift */ = {isa = PBXFileReference; lastKnownFileType = sourcecode.swift; path = ComponentType.swift; sourceTree = "<group>"; };
		566A5BB1239AD3AF006D96CF /* OrderListNode.swift */ = {isa = PBXFileReference; lastKnownFileType = sourcecode.swift; path = OrderListNode.swift; sourceTree = "<group>"; };
		566E9BD2239D391400787210 /* ProgressBar.swift */ = {isa = PBXFileReference; lastKnownFileType = sourcecode.swift; path = ProgressBar.swift; sourceTree = "<group>"; };
		566E9C74239D7EBE00787210 /* cooking.wav */ = {isa = PBXFileReference; lastKnownFileType = audio.wav; path = cooking.wav; sourceTree = "<group>"; };
		566E9C75239D7EBE00787210 /* endTimer.wav */ = {isa = PBXFileReference; lastKnownFileType = audio.wav; path = endTimer.wav; sourceTree = "<group>"; };
		566E9C76239D7EBE00787210 /* burn.wav */ = {isa = PBXFileReference; lastKnownFileType = audio.wav; path = burn.wav; sourceTree = "<group>"; };
		566E9C77239D7EBE00787210 /* roundStarted.wav */ = {isa = PBXFileReference; lastKnownFileType = audio.wav; path = roundStarted.wav; sourceTree = "<group>"; };
		566E9C78239D7EBE00787210 /* cashRegister.wav */ = {isa = PBXFileReference; lastKnownFileType = audio.wav; path = cashRegister.wav; sourceTree = "<group>"; };
		566E9C79239D7EBF00787210 /* takeFood.wav */ = {isa = PBXFileReference; lastKnownFileType = audio.wav; path = takeFood.wav; sourceTree = "<group>"; };
		566E9C7A239D7EBF00787210 /* orderUp.wav */ = {isa = PBXFileReference; lastKnownFileType = audio.wav; path = orderUp.wav; sourceTree = "<group>"; };
		566E9C7B239D7EBF00787210 /* frying.wav */ = {isa = PBXFileReference; lastKnownFileType = audio.wav; path = frying.wav; sourceTree = "<group>"; };
		566E9C7C239D7EBF00787210 /* hatch.wav */ = {isa = PBXFileReference; lastKnownFileType = audio.wav; path = hatch.wav; sourceTree = "<group>"; };
		566E9C7D239D7EBF00787210 /* chopping.wav */ = {isa = PBXFileReference; lastKnownFileType = audio.wav; path = chopping.wav; sourceTree = "<group>"; };
		566E9C7E239D7EC000787210 /* airSuction.wav */ = {isa = PBXFileReference; lastKnownFileType = audio.wav; path = airSuction.wav; sourceTree = "<group>"; };
		566E9C7F239D7EC000787210 /* timesUp.wav */ = {isa = PBXFileReference; lastKnownFileType = audio.wav; path = timesUp.wav; sourceTree = "<group>"; };
		566E9C80239D7EC000787210 /* orderDone.wav */ = {isa = PBXFileReference; lastKnownFileType = audio.wav; path = orderDone.wav; sourceTree = "<group>"; };
		566E9C81239D7EC000787210 /* putFoodDown.wav */ = {isa = PBXFileReference; lastKnownFileType = audio.wav; path = putFoodDown.wav; sourceTree = "<group>"; };
		566E9C82239D7EC100787210 /* teleporter.wav */ = {isa = PBXFileReference; lastKnownFileType = audio.wav; path = teleporter.wav; sourceTree = "<group>"; };
		566E9C92239D823300787210 /* Track.swift */ = {isa = PBXFileReference; fileEncoding = 4; lastKnownFileType = sourcecode.swift; path = Track.swift; sourceTree = "<group>"; };
		566E9C94239D823300787210 /* CustomAudioPlayer.swift */ = {isa = PBXFileReference; fileEncoding = 4; lastKnownFileType = sourcecode.swift; path = CustomAudioPlayer.swift; sourceTree = "<group>"; };
		566E9C95239D823300787210 /* MusicPlayer.swift */ = {isa = PBXFileReference; fileEncoding = 4; lastKnownFileType = sourcecode.swift; path = MusicPlayer.swift; sourceTree = "<group>"; };
		566E9C9A239D82E200787210 /* SFXPlayer.swift */ = {isa = PBXFileReference; lastKnownFileType = sourcecode.swift; path = SFXPlayer.swift; sourceTree = "<group>"; };
		567A079F238C805000D6399A /* Horn.swift */ = {isa = PBXFileReference; fileEncoding = 4; lastKnownFileType = sourcecode.swift; path = Horn.swift; sourceTree = "<group>"; };
		567A07A0238C805000D6399A /* Eyes.swift */ = {isa = PBXFileReference; fileEncoding = 4; lastKnownFileType = sourcecode.swift; path = Eyes.swift; sourceTree = "<group>"; };
		567A07A1238C805000D6399A /* DevilMashedBread.swift */ = {isa = PBXFileReference; fileEncoding = 4; lastKnownFileType = sourcecode.swift; path = DevilMashedBread.swift; sourceTree = "<group>"; };
		567A07A2238C805000D6399A /* Tentacle.swift */ = {isa = PBXFileReference; fileEncoding = 4; lastKnownFileType = sourcecode.swift; path = Tentacle.swift; sourceTree = "<group>"; };
		567A07A3238C805000D6399A /* Plate.swift */ = {isa = PBXFileReference; fileEncoding = 4; lastKnownFileType = sourcecode.swift; path = Plate.swift; sourceTree = "<group>"; };
		567A07A4238C805000D6399A /* Ingredient.swift */ = {isa = PBXFileReference; fileEncoding = 4; lastKnownFileType = sourcecode.swift; path = Ingredient.swift; sourceTree = "<group>"; };
		567A07A5238C805000D6399A /* Broccoli.swift */ = {isa = PBXFileReference; fileEncoding = 4; lastKnownFileType = sourcecode.swift; path = Broccoli.swift; sourceTree = "<group>"; };
		567A07A6238C805000D6399A /* SaturnOnionRings.swift */ = {isa = PBXFileReference; fileEncoding = 4; lastKnownFileType = sourcecode.swift; path = SaturnOnionRings.swift; sourceTree = "<group>"; };
		567A07A7238C805000D6399A /* HasIngredients.swift */ = {isa = PBXFileReference; fileEncoding = 4; lastKnownFileType = sourcecode.swift; path = HasIngredients.swift; sourceTree = "<group>"; };
		567A07A8238C805000D6399A /* Asteroid.swift */ = {isa = PBXFileReference; fileEncoding = 4; lastKnownFileType = sourcecode.swift; path = Asteroid.swift; sourceTree = "<group>"; };
		567A07A9238C805000D6399A /* MoonCheese.swift */ = {isa = PBXFileReference; fileEncoding = 4; lastKnownFileType = sourcecode.swift; path = MoonCheese.swift; sourceTree = "<group>"; };
		567A07AA238C805000D6399A /* Order.swift */ = {isa = PBXFileReference; fileEncoding = 4; lastKnownFileType = sourcecode.swift; path = Order.swift; sourceTree = "<group>"; };
		567A07AB238C805000D6399A /* Tardigrades.swift */ = {isa = PBXFileReference; fileEncoding = 4; lastKnownFileType = sourcecode.swift; path = Tardigrades.swift; sourceTree = "<group>"; };
		567A07AC238C805000D6399A /* SpaceshipHull.swift */ = {isa = PBXFileReference; fileEncoding = 4; lastKnownFileType = sourcecode.swift; path = SpaceshipHull.swift; sourceTree = "<group>"; };
		567A07AF238C805000D6399A /* MarsSand.swift */ = {isa = PBXFileReference; fileEncoding = 4; lastKnownFileType = sourcecode.swift; path = MarsSand.swift; sourceTree = "<group>"; };
		569B4D29239E67E20057C7CC /* TrackWithIntro.swift */ = {isa = PBXFileReference; fileEncoding = 4; lastKnownFileType = sourcecode.swift; path = TrackWithIntro.swift; sourceTree = "<group>"; };
		569B4D33239E6D610057C7CC /* gameMusicIntro.m4a */ = {isa = PBXFileReference; lastKnownFileType = file; path = gameMusicIntro.m4a; sourceTree = "<group>"; };
		569B4D34239E6D610057C7CC /* gameMusic.m4a */ = {isa = PBXFileReference; lastKnownFileType = file; path = gameMusic.m4a; sourceTree = "<group>"; };
		56B3A7B52391B93B005E0807 /* IngredientNode.swift */ = {isa = PBXFileReference; lastKnownFileType = sourcecode.swift; path = IngredientNode.swift; sourceTree = "<group>"; };
		56B3A7B92391CDC7005E0807 /* StationType.swift */ = {isa = PBXFileReference; lastKnownFileType = sourcecode.swift; path = StationType.swift; sourceTree = "<group>"; };
		56E2D7BF238DA28E000F8A3F /* ChoppableComponent.swift */ = {isa = PBXFileReference; lastKnownFileType = sourcecode.swift; path = ChoppableComponent.swift; sourceTree = "<group>"; };
		56E2D7C1238DA2B8000F8A3F /* Component.swift */ = {isa = PBXFileReference; lastKnownFileType = sourcecode.swift; path = Component.swift; sourceTree = "<group>"; };
		56E2D7C3238DC95D000F8A3F /* FryableComponent.swift */ = {isa = PBXFileReference; lastKnownFileType = sourcecode.swift; path = FryableComponent.swift; sourceTree = "<group>"; };
		56E2D7C5238DC97D000F8A3F /* IngredientState.swift */ = {isa = PBXFileReference; lastKnownFileType = sourcecode.swift; path = IngredientState.swift; sourceTree = "<group>"; };
		56E2D7C7238DC992000F8A3F /* CookableComponent.swift */ = {isa = PBXFileReference; lastKnownFileType = sourcecode.swift; path = CookableComponent.swift; sourceTree = "<group>"; };
		56E2D7CA238DFDEC000F8A3F /* HasSprite.swift */ = {isa = PBXFileReference; lastKnownFileType = sourcecode.swift; path = HasSprite.swift; sourceTree = "<group>"; };
		56EDA929239B48B7004BFC2C /* OrderNode.swift */ = {isa = PBXFileReference; lastKnownFileType = sourcecode.swift; path = OrderNode.swift; sourceTree = "<group>"; };
		8DD3C20EEB7D6EC0D5684DDC /* Pods-Tompero.debug.xcconfig */ = {isa = PBXFileReference; includeInIndex = 1; lastKnownFileType = text.xcconfig; name = "Pods-Tompero.debug.xcconfig"; path = "Target Support Files/Pods-Tompero/Pods-Tompero.debug.xcconfig"; sourceTree = "<group>"; };
		B688C2DD78186CF812918984 /* Pods_Tompero.framework */ = {isa = PBXFileReference; explicitFileType = wrapper.framework; includeInIndex = 0; path = Pods_Tompero.framework; sourceTree = BUILT_PRODUCTS_DIR; };
		FB2CB73F238D5D2C001C72F3 /* MenuCollectionViewCell.swift */ = {isa = PBXFileReference; fileEncoding = 4; lastKnownFileType = sourcecode.swift; path = MenuCollectionViewCell.swift; sourceTree = "<group>"; };
		FB2CB740238D5D2C001C72F3 /* MenuCollectionViewController.swift */ = {isa = PBXFileReference; fileEncoding = 4; lastKnownFileType = sourcecode.swift; path = MenuCollectionViewController.swift; sourceTree = "<group>"; };
		FB2CB741238D5D2C001C72F3 /* MenuStoryboard.storyboard */ = {isa = PBXFileReference; fileEncoding = 4; lastKnownFileType = file.storyboard; path = MenuStoryboard.storyboard; sourceTree = "<group>"; };
		FB55FBE2239A9DAD002EBB89 /* TitilliumWeb-Bold.ttf */ = {isa = PBXFileReference; lastKnownFileType = file; path = "TitilliumWeb-Bold.ttf"; sourceTree = "<group>"; };
		FB55FBE3239A9DAD002EBB89 /* TitilliumWeb-Light.ttf */ = {isa = PBXFileReference; lastKnownFileType = file; path = "TitilliumWeb-Light.ttf"; sourceTree = "<group>"; };
		FB55FBE7239C2824002EBB89 /* DialogView.swift */ = {isa = PBXFileReference; fileEncoding = 4; lastKnownFileType = sourcecode.swift; path = DialogView.swift; sourceTree = "<group>"; };
		FB55FBEA239C33D0002EBB89 /* Base */ = {isa = PBXFileReference; lastKnownFileType = file.storyboard; name = Base; path = Base.lproj/Main.storyboard; sourceTree = "<group>"; };
		FB56706B2397F43100B5ABA8 /* NSLayoutConstraintExtention.swift */ = {isa = PBXFileReference; lastKnownFileType = sourcecode.swift; path = NSLayoutConstraintExtention.swift; sourceTree = "<group>"; };
		FB9BF38E238E9CFA00437124 /* Coordinator.swift */ = {isa = PBXFileReference; lastKnownFileType = sourcecode.swift; path = Coordinator.swift; sourceTree = "<group>"; };
		FB9BF390238E9D6A00437124 /* Storyboarded.swift */ = {isa = PBXFileReference; lastKnownFileType = sourcecode.swift; path = Storyboarded.swift; sourceTree = "<group>"; };
		FB9BF392238E9F4700437124 /* MainCoordinator.swift */ = {isa = PBXFileReference; lastKnownFileType = sourcecode.swift; path = MainCoordinator.swift; sourceTree = "<group>"; };
		FB9BF394238EA67500437124 /* Game.storyboard */ = {isa = PBXFileReference; lastKnownFileType = file.storyboard; path = Game.storyboard; sourceTree = "<group>"; };
		FBFDDCFD238C040700CD503A /* InicialViewController.swift */ = {isa = PBXFileReference; fileEncoding = 4; lastKnownFileType = sourcecode.swift; path = InicialViewController.swift; sourceTree = "<group>"; };
/* End PBXFileReference section */

/* Begin PBXFrameworksBuildPhase section */
		562BCF5123881CF900D5D51D /* Frameworks */ = {
			isa = PBXFrameworksBuildPhase;
			buildActionMask = 2147483647;
			files = (
				408CF0B422695B130AEAF368 /* Pods_Tompero.framework in Frameworks */,
			);
			runOnlyForDeploymentPostprocessing = 0;
		};
/* End PBXFrameworksBuildPhase section */

/* Begin PBXGroup section */
		07F4238B08A3D100EFB608C4 /* Frameworks */ = {
			isa = PBXGroup;
			children = (
				B688C2DD78186CF812918984 /* Pods_Tompero.framework */,
			);
			name = Frameworks;
			sourceTree = "<group>";
		};
		471795ED238C692D000575B0 /* MultipeerConnectivity Manager */ = {
			isa = PBXGroup;
			children = (
				47CC66CB238C056B00EB25C1 /* MCManager.swift */,
				471795E0238C1349000575B0 /* MCDataWrapper.swift */,
				471795E4238C14E7000575B0 /* MCDataType.swift */,
				471795E6238C1CB6000575B0 /* MCManagerDataObserver.swift */,
				471795EF238C75CF000575B0 /* MCManagerMatchmakingObserver.swift */,
				4722D486238FFA93003D373C /* MCPeerWithStatus.swift */,
			);
			path = "MultipeerConnectivity Manager";
			sourceTree = "<group>";
		};
		471795EE238C694B000575B0 /* Game Connection */ = {
			isa = PBXGroup;
			children = (
				471795E8238C1E54000575B0 /* GameConnectionManager.swift */,
				471795EA238C1E87000575B0 /* GameConnectionManagerObserver.swift */,
			);
			path = "Game Connection";
			sourceTree = "<group>";
		};
		4722D481238F42E1003D373C /* Procedural Generation */ = {
			isa = PBXGroup;
			children = (
				4722D476238EB750003D373C /* GameRuleFactory.swift */,
				4722D478238EB762003D373C /* GameDifficulty.swift */,
				4722D47A238EB7C9003D373C /* GameRule.swift */,
				4722D47C238EB91F003D373C /* PlayerTable.swift */,
				4722D47E238EB982003D373C /* PlayerTableType.swift */,
			);
			path = "Procedural Generation";
			sourceTree = "<group>";
		};
		4722D482238FF2FE003D373C /* Ingredients */ = {
			isa = PBXGroup;
			children = (
				567A07A8238C805000D6399A /* Asteroid.swift */,
				567A07A5238C805000D6399A /* Broccoli.swift */,
				567A07A1238C805000D6399A /* DevilMashedBread.swift */,
				567A07A0238C805000D6399A /* Eyes.swift */,
				567A079F238C805000D6399A /* Horn.swift */,
				567A07AF238C805000D6399A /* MarsSand.swift */,
				567A07A9238C805000D6399A /* MoonCheese.swift */,
				567A07A6238C805000D6399A /* SaturnOnionRings.swift */,
				567A07AC238C805000D6399A /* SpaceshipHull.swift */,
				567A07AB238C805000D6399A /* Tardigrades.swift */,
				567A07A2238C805000D6399A /* Tentacle.swift */,
			);
			path = Ingredients;
			sourceTree = "<group>";
		};
		4722D483238FF311003D373C /* Protocols */ = {
			isa = PBXGroup;
			children = (
				56E2D7CA238DFDEC000F8A3F /* HasSprite.swift */,
				567A07A7238C805000D6399A /* HasIngredients.swift */,
			);
			path = Protocols;
			sourceTree = "<group>";
		};
		4722D484238FF317003D373C /* Components */ = {
			isa = PBXGroup;
			children = (
				56E2D7C1238DA2B8000F8A3F /* Component.swift */,
				56E2D7BF238DA28E000F8A3F /* ChoppableComponent.swift */,
				56E2D7C3238DC95D000F8A3F /* FryableComponent.swift */,
				56E2D7C7238DC992000F8A3F /* CookableComponent.swift */,
				566A5BAE239A8564006D96CF /* ComponentType.swift */,
			);
			path = Components;
			sourceTree = "<group>";
		};
		4722D485238FF320003D373C /* Order */ = {
			isa = PBXGroup;
			children = (
				567A07AA238C805000D6399A /* Order.swift */,
				47D169B32399A154005541C6 /* OrderDeliveryNotification.swift */,
			);
			path = Order;
			sourceTree = "<group>";
		};
		476925C82390AA1200FBAB1F /* Extensions */ = {
			isa = PBXGroup;
			children = (
				476925C22390AA0900FBAB1F /* CGPointVectorExtensions.swift */,
				476925C32390AA0900FBAB1F /* SKNodeExtensions.swift */,
				476925C42390AA0900FBAB1F /* SKSceneExtensions.swift */,
				47CBC4CD23943B1B001CD4E8 /* SKActionExtensions.swift */,
				FB56706B2397F43100B5ABA8 /* NSLayoutConstraintExtention.swift */,
			);
			path = Extensions;
			sourceTree = "<group>";
		};
		47BE3ECB239C1DD600246F20 /* Animations */ = {
			isa = PBXGroup;
			children = (
				476B7C8E239C3275004D4116 /* Cook.atlas */,
				476B7C91239C3275004D4116 /* CookBurnt.atlas */,
				476B7C92239C3276004D4116 /* Fry.atlas */,
				476B7C8F239C3275004D4116 /* HatchVacuum.atlas */,
				476B7C90239C3275004D4116 /* PipeVacuum.atlas */,
				47BE3ED3239C1F7200246F20 /* TeleportBlue.atlas */,
				47BE3ECD239C1F7000246F20 /* TeleportGreen.atlas */,
				47BE3ECE239C1F7000246F20 /* TeleportOrange.atlas */,
				47BE3ECF239C1F7000246F20 /* TeleportPurple.atlas */,
			);
			path = Animations;
			sourceTree = "<group>";
		};
		562BCF4B23881CF900D5D51D = {
			isa = PBXGroup;
			children = (
				562BCF5623881CF900D5D51D /* Tompero */,
				562BCF5523881CF900D5D51D /* Products */,
				56D9BB225FBAE3D038F75D05 /* Pods */,
				07F4238B08A3D100EFB608C4 /* Frameworks */,
			);
			sourceTree = "<group>";
		};
		562BCF5523881CF900D5D51D /* Products */ = {
			isa = PBXGroup;
			children = (
				562BCF5423881CF900D5D51D /* SpaceSpice.app */,
			);
			name = Products;
			sourceTree = "<group>";
		};
		562BCF5623881CF900D5D51D /* Tompero */ = {
			isa = PBXGroup;
			children = (
				566A5BB4239ADE43006D96CF /* Resources */,
				562BCF5723881CF900D5D51D /* AppDelegate.swift */,
				562BCF6923881CFC00D5D51D /* Info.plist */,
				FB9BF38D238E9CDB00437124 /* Coordinator */,
				476925C82390AA1200FBAB1F /* Extensions */,
				566E9BD8239D7BB800787210 /* Sound */,
				562BCF6F2388232700D5D51D /* Model */,
				566A5BB0239ACE77006D96CF /* GameScene */,
				562BCF702388233700D5D51D /* View */,
				562BCF712388234800D5D51D /* Controller */,
				471795ED238C692D000575B0 /* MultipeerConnectivity Manager */,
				471795EE238C694B000575B0 /* Game Connection */,
			);
			path = Tompero;
			sourceTree = "<group>";
		};
		562BCF6F2388232700D5D51D /* Model */ = {
			isa = PBXGroup;
			children = (
				4722D484238FF317003D373C /* Components */,
				56E2D7C5238DC97D000F8A3F /* IngredientState.swift */,
				567A07A4238C805000D6399A /* Ingredient.swift */,
				4722D482238FF2FE003D373C /* Ingredients */,
				567A07A3238C805000D6399A /* Plate.swift */,
				4722D481238F42E1003D373C /* Procedural Generation */,
				4722D483238FF311003D373C /* Protocols */,
				4722D485238FF320003D373C /* Order */,
				47632783239D49C4006BA9C5 /* MatchStatistics.swift */,
			);
			path = Model;
			sourceTree = "<group>";
		};
		562BCF702388233700D5D51D /* View */ = {
			isa = PBXGroup;
			children = (
				FB55FBE9239C33D0002EBB89 /* Main.storyboard */,
				FB55FBE7239C2824002EBB89 /* DialogView.swift */,
				FB2CB73F238D5D2C001C72F3 /* MenuCollectionViewCell.swift */,
				562BCF732388249E00D5D51D /* WaitingRoom.storyboard */,
				FB2CB741238D5D2C001C72F3 /* MenuStoryboard.storyboard */,
				562BCF6623881CFC00D5D51D /* LaunchScreen.storyboard */,
				FB9BF394238EA67500437124 /* Game.storyboard */,
				479B7849239D8BAC003BC9DE /* Statistics.storyboard */,
			);
			path = View;
			sourceTree = "<group>";
		};
		562BCF712388234800D5D51D /* Controller */ = {
			isa = PBXGroup;
			children = (
				FBFDDCFD238C040700CD503A /* InicialViewController.swift */,
				FB2CB740238D5D2C001C72F3 /* MenuCollectionViewController.swift */,
				562BCF5F23881CF900D5D51D /* GameViewController.swift */,
				562BCF75238824FE00D5D51D /* WaitingRoomViewController.swift */,
				479B784B239D8BCB003BC9DE /* StatisticsViewController.swift */,
			);
			path = Controller;
			sourceTree = "<group>";
		};
		566A5BB0239ACE77006D96CF /* GameScene */ = {
			isa = PBXGroup;
			children = (
				56B3A7B92391CDC7005E0807 /* StationType.swift */,
				565AEFE3239164E300E3E15F /* StationNode.swift */,
				565AEFE123915E6400E3E15F /* MovableSpriteNode.swift */,
				56B3A7B52391B93B005E0807 /* IngredientNode.swift */,
				476F70A7239336490000465F /* TappableSpriteNode.swift */,
				476F70AB23933A1C0000465F /* TappableDelegate.swift */,
				4733B6A52393597700D80AD0 /* MovableDelegate.swift */,
				472F9F2723992FEA00DC7B9C /* PlateNode.swift */,
				56219D86239EAFA6001CE5DB /* GameScene.sks */,
				562BCF5D23881CF900D5D51D /* GameScene.swift */,
				566A5BB1239AD3AF006D96CF /* OrderListNode.swift */,
				56EDA929239B48B7004BFC2C /* OrderNode.swift */,
				566E9BD2239D391400787210 /* ProgressBar.swift */,
			);
			path = GameScene;
			sourceTree = "<group>";
		};
		566A5BB4239ADE43006D96CF /* Resources */ = {
			isa = PBXGroup;
			children = (
				569B4D32239E6D610057C7CC /* Music */,
				566E9C73239D7E9000787210 /* SFX */,
				47BE3ECB239C1DD600246F20 /* Animations */,
				FB55FBE6239A9DB5002EBB89 /* Font */,
				562BCF6423881CFC00D5D51D /* Assets.xcassets */,
			);
			path = Resources;
			sourceTree = "<group>";
		};
		566E9BD8239D7BB800787210 /* Sound */ = {
			isa = PBXGroup;
			children = (
				566E9C9A239D82E200787210 /* SFXPlayer.swift */,
				566E9C94239D823300787210 /* CustomAudioPlayer.swift */,
				566E9C95239D823300787210 /* MusicPlayer.swift */,
				566E9C92239D823300787210 /* Track.swift */,
				569B4D29239E67E20057C7CC /* TrackWithIntro.swift */,
			);
			path = Sound;
			sourceTree = "<group>";
		};
		566E9C73239D7E9000787210 /* SFX */ = {
			isa = PBXGroup;
			children = (
				566E9C79239D7EBF00787210 /* takeFood.wav */,
				566E9C81239D7EC000787210 /* putFoodDown.wav */,
				566E9C7D239D7EBF00787210 /* chopping.wav */,
				566E9C74239D7EBE00787210 /* cooking.wav */,
				566E9C7B239D7EBF00787210 /* frying.wav */,
				566E9C76239D7EBE00787210 /* burn.wav */,
				566E9C7C239D7EBF00787210 /* hatch.wav */,
				566E9C7E239D7EC000787210 /* airSuction.wav */,
				566E9C7A239D7EBF00787210 /* orderUp.wav */,
				566E9C80239D7EC000787210 /* orderDone.wav */,
				566E9C82239D7EC100787210 /* teleporter.wav */,
				566E9C78239D7EBE00787210 /* cashRegister.wav */,
				566E9C77239D7EBE00787210 /* roundStarted.wav */,
				566E9C75239D7EBE00787210 /* endTimer.wav */,
				566E9C7F239D7EC000787210 /* timesUp.wav */,
			);
			path = SFX;
			sourceTree = "<group>";
		};
		569B4D32239E6D610057C7CC /* Music */ = {
			isa = PBXGroup;
			children = (
				569B4D33239E6D610057C7CC /* gameMusicIntro.m4a */,
				569B4D34239E6D610057C7CC /* gameMusic.m4a */,
			);
			path = Music;
			sourceTree = "<group>";
		};
		56D9BB225FBAE3D038F75D05 /* Pods */ = {
			isa = PBXGroup;
			children = (
				8DD3C20EEB7D6EC0D5684DDC /* Pods-Tompero.debug.xcconfig */,
				4DAFEC243ECD8CDB29A29BAB /* Pods-Tompero.release.xcconfig */,
			);
			path = Pods;
			sourceTree = "<group>";
		};
		FB55FBE6239A9DB5002EBB89 /* Font */ = {
			isa = PBXGroup;
			children = (
				FB55FBE2239A9DAD002EBB89 /* TitilliumWeb-Bold.ttf */,
				FB55FBE3239A9DAD002EBB89 /* TitilliumWeb-Light.ttf */,
			);
			path = Font;
			sourceTree = "<group>";
		};
		FB9BF38D238E9CDB00437124 /* Coordinator */ = {
			isa = PBXGroup;
			children = (
				FB9BF38E238E9CFA00437124 /* Coordinator.swift */,
				FB9BF390238E9D6A00437124 /* Storyboarded.swift */,
				FB9BF392238E9F4700437124 /* MainCoordinator.swift */,
			);
			path = Coordinator;
			sourceTree = "<group>";
		};
/* End PBXGroup section */

/* Begin PBXNativeTarget section */
		562BCF5323881CF900D5D51D /* Tompero */ = {
			isa = PBXNativeTarget;
			buildConfigurationList = 562BCF6C23881CFC00D5D51D /* Build configuration list for PBXNativeTarget "Tompero" */;
			buildPhases = (
				8558EB2BA8760397F6F98020 /* [CP] Check Pods Manifest.lock */,
				562BCF5023881CF900D5D51D /* Sources */,
				562BCF5123881CF900D5D51D /* Frameworks */,
				562BCF5223881CF900D5D51D /* Resources */,
				471795EC238C6520000575B0 /* ShellScript */,
			);
			buildRules = (
			);
			dependencies = (
			);
			name = Tompero;
			productName = Tompero;
			productReference = 562BCF5423881CF900D5D51D /* SpaceSpice.app */;
			productType = "com.apple.product-type.application";
		};
/* End PBXNativeTarget section */

/* Begin PBXProject section */
		562BCF4C23881CF900D5D51D /* Project object */ = {
			isa = PBXProject;
			attributes = {
				LastSwiftUpdateCheck = 1120;
				LastUpgradeCheck = 1120;
				ORGANIZATIONNAME = Tompero;
				TargetAttributes = {
					562BCF5323881CF900D5D51D = {
						CreatedOnToolsVersion = 11.2.1;
					};
				};
			};
			buildConfigurationList = 562BCF4F23881CF900D5D51D /* Build configuration list for PBXProject "Tompero" */;
			compatibilityVersion = "Xcode 9.3";
			developmentRegion = en;
			hasScannedForEncodings = 0;
			knownRegions = (
				en,
				Base,
			);
			mainGroup = 562BCF4B23881CF900D5D51D;
			productRefGroup = 562BCF5523881CF900D5D51D /* Products */;
			projectDirPath = "";
			projectRoot = "";
			targets = (
				562BCF5323881CF900D5D51D /* Tompero */,
			);
		};
/* End PBXProject section */

/* Begin PBXResourcesBuildPhase section */
		562BCF5223881CF900D5D51D /* Resources */ = {
			isa = PBXResourcesBuildPhase;
			buildActionMask = 2147483647;
			files = (
				566E9C83239D7EC100787210 /* cooking.wav in Resources */,
				FB55FBE5239A9DAE002EBB89 /* TitilliumWeb-Light.ttf in Resources */,
				476B7C95239C3276004D4116 /* PipeVacuum.atlas in Resources */,
				566E9C87239D7EC100787210 /* cashRegister.wav in Resources */,
				569B4D36239E6D610057C7CC /* gameMusic.m4a in Resources */,
				566E9C90239D7EC100787210 /* putFoodDown.wav in Resources */,
				FB9BF395238EA67500437124 /* Game.storyboard in Resources */,
				566E9C91239D7EC100787210 /* teleporter.wav in Resources */,
				47BE3ED7239C1F7200246F20 /* TeleportOrange.atlas in Resources */,
				476B7C96239C3276004D4116 /* CookBurnt.atlas in Resources */,
				476B7C97239C3276004D4116 /* Fry.atlas in Resources */,
				566E9C86239D7EC100787210 /* roundStarted.wav in Resources */,
				566E9C8A239D7EC100787210 /* frying.wav in Resources */,
				47BE3ED8239C1F7200246F20 /* TeleportPurple.atlas in Resources */,
				47BE3ED6239C1F7200246F20 /* TeleportGreen.atlas in Resources */,
				566E9C8D239D7EC100787210 /* airSuction.wav in Resources */,
				56219D87239EAFA6001CE5DB /* GameScene.sks in Resources */,
				479B784A239D8BAC003BC9DE /* Statistics.storyboard in Resources */,
				476B7C93239C3276004D4116 /* Cook.atlas in Resources */,
				FB55FBE4239A9DAE002EBB89 /* TitilliumWeb-Bold.ttf in Resources */,
				562BCF742388249E00D5D51D /* WaitingRoom.storyboard in Resources */,
				566E9C8F239D7EC100787210 /* orderDone.wav in Resources */,
				47BE3EDC239C1F7200246F20 /* TeleportBlue.atlas in Resources */,
				476B7C94239C3276004D4116 /* HatchVacuum.atlas in Resources */,
				566E9C89239D7EC100787210 /* orderUp.wav in Resources */,
				566E9C85239D7EC100787210 /* burn.wav in Resources */,
				566E9C8C239D7EC100787210 /* chopping.wav in Resources */,
				562BCF6523881CFC00D5D51D /* Assets.xcassets in Resources */,
				566E9C84239D7EC100787210 /* endTimer.wav in Resources */,
				566E9C8E239D7EC100787210 /* timesUp.wav in Resources */,
				FB55FBEB239C33D0002EBB89 /* Main.storyboard in Resources */,
				569B4D35239E6D610057C7CC /* gameMusicIntro.m4a in Resources */,
				566E9C88239D7EC100787210 /* takeFood.wav in Resources */,
				562BCF6823881CFC00D5D51D /* LaunchScreen.storyboard in Resources */,
				FB2CB744238D5D2C001C72F3 /* MenuStoryboard.storyboard in Resources */,
				566E9C8B239D7EC100787210 /* hatch.wav in Resources */,
			);
			runOnlyForDeploymentPostprocessing = 0;
		};
/* End PBXResourcesBuildPhase section */

/* Begin PBXShellScriptBuildPhase section */
		471795EC238C6520000575B0 /* ShellScript */ = {
			isa = PBXShellScriptBuildPhase;
			buildActionMask = 2147483647;
			files = (
			);
			inputFileListPaths = (
			);
			inputPaths = (
			);
			outputFileListPaths = (
			);
			outputPaths = (
			);
			runOnlyForDeploymentPostprocessing = 0;
			shellPath = /bin/sh;
			shellScript = "# Type a script or drag a script file from your workspace to insert its path.\n\"${PODS_ROOT}/SwiftLint/swiftlint\"\n";
		};
		8558EB2BA8760397F6F98020 /* [CP] Check Pods Manifest.lock */ = {
			isa = PBXShellScriptBuildPhase;
			buildActionMask = 2147483647;
			files = (
			);
			inputFileListPaths = (
			);
			inputPaths = (
				"${PODS_PODFILE_DIR_PATH}/Podfile.lock",
				"${PODS_ROOT}/Manifest.lock",
			);
			name = "[CP] Check Pods Manifest.lock";
			outputFileListPaths = (
			);
			outputPaths = (
				"$(DERIVED_FILE_DIR)/Pods-Tompero-checkManifestLockResult.txt",
			);
			runOnlyForDeploymentPostprocessing = 0;
			shellPath = /bin/sh;
			shellScript = "diff \"${PODS_PODFILE_DIR_PATH}/Podfile.lock\" \"${PODS_ROOT}/Manifest.lock\" > /dev/null\nif [ $? != 0 ] ; then\n    # print error to STDERR\n    echo \"error: The sandbox is not in sync with the Podfile.lock. Run 'pod install' or update your CocoaPods installation.\" >&2\n    exit 1\nfi\n# This output is used by Xcode 'outputs' to avoid re-running this script phase.\necho \"SUCCESS\" > \"${SCRIPT_OUTPUT_FILE_0}\"\n";
			showEnvVarsInLog = 0;
		};
/* End PBXShellScriptBuildPhase section */

/* Begin PBXSourcesBuildPhase section */
		562BCF5023881CF900D5D51D /* Sources */ = {
			isa = PBXSourcesBuildPhase;
			buildActionMask = 2147483647;
			files = (
				471795E5238C14E7000575B0 /* MCDataType.swift in Sources */,
				471795E1238C1349000575B0 /* MCDataWrapper.swift in Sources */,
				471795EB238C1E87000575B0 /* GameConnectionManagerObserver.swift in Sources */,
				566E9C98239D823400787210 /* CustomAudioPlayer.swift in Sources */,
				566E9C99239D823400787210 /* MusicPlayer.swift in Sources */,
				47CC66CC238C056B00EB25C1 /* MCManager.swift in Sources */,
				479B784C239D8BCB003BC9DE /* StatisticsViewController.swift in Sources */,
				471795E9238C1E54000575B0 /* GameConnectionManager.swift in Sources */,
				FB9BF391238E9D6A00437124 /* Storyboarded.swift in Sources */,
				566A5BAF239A8564006D96CF /* ComponentType.swift in Sources */,
				4722D477238EB750003D373C /* GameRuleFactory.swift in Sources */,
				476F70AC23933A1D0000465F /* TappableDelegate.swift in Sources */,
				471795E7238C1CB6000575B0 /* MCManagerDataObserver.swift in Sources */,
				FB9BF38F238E9CFA00437124 /* Coordinator.swift in Sources */,
				471795F0238C75CF000575B0 /* MCManagerMatchmakingObserver.swift in Sources */,
				4722D47F238EB982003D373C /* PlayerTableType.swift in Sources */,
				56E2D7C6238DC97D000F8A3F /* IngredientState.swift in Sources */,
				567A07B9238C805000D6399A /* Asteroid.swift in Sources */,
				567A07B5238C805000D6399A /* Ingredient.swift in Sources */,
				567A07BA238C805000D6399A /* MoonCheese.swift in Sources */,
				47D169B42399A154005541C6 /* OrderDeliveryNotification.swift in Sources */,
				566E9C9B239D82E200787210 /* SFXPlayer.swift in Sources */,
				567A07BB238C805000D6399A /* Order.swift in Sources */,
				FB2CB742238D5D2C001C72F3 /* MenuCollectionViewCell.swift in Sources */,
				476925C62390AA0900FBAB1F /* SKNodeExtensions.swift in Sources */,
				FB2CB743238D5D2C001C72F3 /* MenuCollectionViewController.swift in Sources */,
				566E9C96239D823400787210 /* Track.swift in Sources */,
				566E9BD3239D391400787210 /* ProgressBar.swift in Sources */,
				562BCF5E23881CF900D5D51D /* GameScene.swift in Sources */,
				567A07B6238C805000D6399A /* Broccoli.swift in Sources */,
				562BCF76238824FE00D5D51D /* WaitingRoomViewController.swift in Sources */,
				472F9F2823992FEA00DC7B9C /* PlateNode.swift in Sources */,
				567A07B0238C805000D6399A /* Horn.swift in Sources */,
				569B4D2A239E67E20057C7CC /* TrackWithIntro.swift in Sources */,
				4733B6A62393597700D80AD0 /* MovableDelegate.swift in Sources */,
				4722D47B238EB7C9003D373C /* GameRule.swift in Sources */,
				567A07B7238C805000D6399A /* SaturnOnionRings.swift in Sources */,
				FB56706C2397F43100B5ABA8 /* NSLayoutConstraintExtention.swift in Sources */,
				47CBC4CE23943B1B001CD4E8 /* SKActionExtensions.swift in Sources */,
				56E2D7C0238DA28E000F8A3F /* ChoppableComponent.swift in Sources */,
				562BCF6023881CF900D5D51D /* GameViewController.swift in Sources */,
				567A07B1238C805000D6399A /* Eyes.swift in Sources */,
				567A07BD238C805000D6399A /* SpaceshipHull.swift in Sources */,
				476925C52390AA0900FBAB1F /* CGPointVectorExtensions.swift in Sources */,
				4722D487238FFA93003D373C /* MCPeerWithStatus.swift in Sources */,
				FB55FBE8239C2824002EBB89 /* DialogView.swift in Sources */,
				4722D479238EB762003D373C /* GameDifficulty.swift in Sources */,
				56B3A7B62391B93B005E0807 /* IngredientNode.swift in Sources */,
				56E2D7CB238DFDEC000F8A3F /* HasSprite.swift in Sources */,
				47632784239D49C4006BA9C5 /* MatchStatistics.swift in Sources */,
				567A07B2238C805000D6399A /* DevilMashedBread.swift in Sources */,
				4722D47D238EB91F003D373C /* PlayerTable.swift in Sources */,
				565AEFE4239164E300E3E15F /* StationNode.swift in Sources */,
				567A07B4238C805000D6399A /* Plate.swift in Sources */,
				476F70A8239336490000465F /* TappableSpriteNode.swift in Sources */,
				56B3A7BA2391CDC7005E0807 /* StationType.swift in Sources */,
				56E2D7C4238DC95D000F8A3F /* FryableComponent.swift in Sources */,
				566A5BB2239AD3AF006D96CF /* OrderListNode.swift in Sources */,
				56E2D7C8238DC992000F8A3F /* CookableComponent.swift in Sources */,
				56E2D7C2238DA2B8000F8A3F /* Component.swift in Sources */,
				56EDA92A239B48B7004BFC2C /* OrderNode.swift in Sources */,
				565AEFE223915E6400E3E15F /* MovableSpriteNode.swift in Sources */,
				FB9BF393238E9F4700437124 /* MainCoordinator.swift in Sources */,
				567A07BC238C805000D6399A /* Tardigrades.swift in Sources */,
				567A07C0238C805000D6399A /* MarsSand.swift in Sources */,
				567A07B8238C805000D6399A /* HasIngredients.swift in Sources */,
				567A07B3238C805000D6399A /* Tentacle.swift in Sources */,
				FBFDDCFE238C040700CD503A /* InicialViewController.swift in Sources */,
				476925C72390AA0900FBAB1F /* SKSceneExtensions.swift in Sources */,
				562BCF5823881CF900D5D51D /* AppDelegate.swift in Sources */,
			);
			runOnlyForDeploymentPostprocessing = 0;
		};
/* End PBXSourcesBuildPhase section */

/* Begin PBXVariantGroup section */
		562BCF6623881CFC00D5D51D /* LaunchScreen.storyboard */ = {
			isa = PBXVariantGroup;
			children = (
				562BCF6723881CFC00D5D51D /* Base */,
			);
			name = LaunchScreen.storyboard;
			sourceTree = "<group>";
		};
		FB55FBE9239C33D0002EBB89 /* Main.storyboard */ = {
			isa = PBXVariantGroup;
			children = (
				FB55FBEA239C33D0002EBB89 /* Base */,
			);
			name = Main.storyboard;
			sourceTree = "<group>";
		};
/* End PBXVariantGroup section */

/* Begin XCBuildConfiguration section */
		562BCF6A23881CFC00D5D51D /* Debug */ = {
			isa = XCBuildConfiguration;
			buildSettings = {
				ALWAYS_SEARCH_USER_PATHS = NO;
				CLANG_ANALYZER_NONNULL = YES;
				CLANG_ANALYZER_NUMBER_OBJECT_CONVERSION = YES_AGGRESSIVE;
				CLANG_CXX_LANGUAGE_STANDARD = "gnu++14";
				CLANG_CXX_LIBRARY = "libc++";
				CLANG_ENABLE_MODULES = YES;
				CLANG_ENABLE_OBJC_ARC = YES;
				CLANG_ENABLE_OBJC_WEAK = YES;
				CLANG_WARN_BLOCK_CAPTURE_AUTORELEASING = YES;
				CLANG_WARN_BOOL_CONVERSION = YES;
				CLANG_WARN_COMMA = YES;
				CLANG_WARN_CONSTANT_CONVERSION = YES;
				CLANG_WARN_DEPRECATED_OBJC_IMPLEMENTATIONS = YES;
				CLANG_WARN_DIRECT_OBJC_ISA_USAGE = YES_ERROR;
				CLANG_WARN_DOCUMENTATION_COMMENTS = YES;
				CLANG_WARN_EMPTY_BODY = YES;
				CLANG_WARN_ENUM_CONVERSION = YES;
				CLANG_WARN_INFINITE_RECURSION = YES;
				CLANG_WARN_INT_CONVERSION = YES;
				CLANG_WARN_NON_LITERAL_NULL_CONVERSION = YES;
				CLANG_WARN_OBJC_IMPLICIT_RETAIN_SELF = YES;
				CLANG_WARN_OBJC_LITERAL_CONVERSION = YES;
				CLANG_WARN_OBJC_ROOT_CLASS = YES_ERROR;
				CLANG_WARN_RANGE_LOOP_ANALYSIS = YES;
				CLANG_WARN_STRICT_PROTOTYPES = YES;
				CLANG_WARN_SUSPICIOUS_MOVE = YES;
				CLANG_WARN_UNGUARDED_AVAILABILITY = YES_AGGRESSIVE;
				CLANG_WARN_UNREACHABLE_CODE = YES;
				CLANG_WARN__DUPLICATE_METHOD_MATCH = YES;
				COPY_PHASE_STRIP = NO;
				DEBUG_INFORMATION_FORMAT = dwarf;
				ENABLE_STRICT_OBJC_MSGSEND = YES;
				ENABLE_TESTABILITY = YES;
				GCC_C_LANGUAGE_STANDARD = gnu11;
				GCC_DYNAMIC_NO_PIC = NO;
				GCC_NO_COMMON_BLOCKS = YES;
				GCC_OPTIMIZATION_LEVEL = 0;
				GCC_PREPROCESSOR_DEFINITIONS = (
					"DEBUG=1",
					"$(inherited)",
				);
				GCC_WARN_64_TO_32_BIT_CONVERSION = YES;
				GCC_WARN_ABOUT_RETURN_TYPE = YES_ERROR;
				GCC_WARN_UNDECLARED_SELECTOR = YES;
				GCC_WARN_UNINITIALIZED_AUTOS = YES_AGGRESSIVE;
				GCC_WARN_UNUSED_FUNCTION = YES;
				GCC_WARN_UNUSED_VARIABLE = YES;
				IPHONEOS_DEPLOYMENT_TARGET = 13.0;
				MTL_ENABLE_DEBUG_INFO = INCLUDE_SOURCE;
				MTL_FAST_MATH = YES;
				ONLY_ACTIVE_ARCH = YES;
				SDKROOT = iphoneos;
				SWIFT_ACTIVE_COMPILATION_CONDITIONS = DEBUG;
				SWIFT_OPTIMIZATION_LEVEL = "-Onone";
			};
			name = Debug;
		};
		562BCF6B23881CFC00D5D51D /* Release */ = {
			isa = XCBuildConfiguration;
			buildSettings = {
				ALWAYS_SEARCH_USER_PATHS = NO;
				CLANG_ANALYZER_NONNULL = YES;
				CLANG_ANALYZER_NUMBER_OBJECT_CONVERSION = YES_AGGRESSIVE;
				CLANG_CXX_LANGUAGE_STANDARD = "gnu++14";
				CLANG_CXX_LIBRARY = "libc++";
				CLANG_ENABLE_MODULES = YES;
				CLANG_ENABLE_OBJC_ARC = YES;
				CLANG_ENABLE_OBJC_WEAK = YES;
				CLANG_WARN_BLOCK_CAPTURE_AUTORELEASING = YES;
				CLANG_WARN_BOOL_CONVERSION = YES;
				CLANG_WARN_COMMA = YES;
				CLANG_WARN_CONSTANT_CONVERSION = YES;
				CLANG_WARN_DEPRECATED_OBJC_IMPLEMENTATIONS = YES;
				CLANG_WARN_DIRECT_OBJC_ISA_USAGE = YES_ERROR;
				CLANG_WARN_DOCUMENTATION_COMMENTS = YES;
				CLANG_WARN_EMPTY_BODY = YES;
				CLANG_WARN_ENUM_CONVERSION = YES;
				CLANG_WARN_INFINITE_RECURSION = YES;
				CLANG_WARN_INT_CONVERSION = YES;
				CLANG_WARN_NON_LITERAL_NULL_CONVERSION = YES;
				CLANG_WARN_OBJC_IMPLICIT_RETAIN_SELF = YES;
				CLANG_WARN_OBJC_LITERAL_CONVERSION = YES;
				CLANG_WARN_OBJC_ROOT_CLASS = YES_ERROR;
				CLANG_WARN_RANGE_LOOP_ANALYSIS = YES;
				CLANG_WARN_STRICT_PROTOTYPES = YES;
				CLANG_WARN_SUSPICIOUS_MOVE = YES;
				CLANG_WARN_UNGUARDED_AVAILABILITY = YES_AGGRESSIVE;
				CLANG_WARN_UNREACHABLE_CODE = YES;
				CLANG_WARN__DUPLICATE_METHOD_MATCH = YES;
				COPY_PHASE_STRIP = NO;
				DEBUG_INFORMATION_FORMAT = "dwarf-with-dsym";
				ENABLE_NS_ASSERTIONS = NO;
				ENABLE_STRICT_OBJC_MSGSEND = YES;
				GCC_C_LANGUAGE_STANDARD = gnu11;
				GCC_NO_COMMON_BLOCKS = YES;
				GCC_WARN_64_TO_32_BIT_CONVERSION = YES;
				GCC_WARN_ABOUT_RETURN_TYPE = YES_ERROR;
				GCC_WARN_UNDECLARED_SELECTOR = YES;
				GCC_WARN_UNINITIALIZED_AUTOS = YES_AGGRESSIVE;
				GCC_WARN_UNUSED_FUNCTION = YES;
				GCC_WARN_UNUSED_VARIABLE = YES;
				IPHONEOS_DEPLOYMENT_TARGET = 13.0;
				MTL_ENABLE_DEBUG_INFO = NO;
				MTL_FAST_MATH = YES;
				SDKROOT = iphoneos;
				SWIFT_COMPILATION_MODE = wholemodule;
				SWIFT_OPTIMIZATION_LEVEL = "-O";
				VALIDATE_PRODUCT = YES;
			};
			name = Release;
		};
		562BCF6D23881CFC00D5D51D /* Debug */ = {
			isa = XCBuildConfiguration;
			baseConfigurationReference = 8DD3C20EEB7D6EC0D5684DDC /* Pods-Tompero.debug.xcconfig */;
			buildSettings = {
				ASSETCATALOG_COMPILER_APPICON_NAME = AppIcon;
				CODE_SIGN_STYLE = Automatic;
				CURRENT_PROJECT_VERSION = 3;
				DEVELOPMENT_TEAM = 5MSP4455P9;
				INFOPLIST_FILE = Tompero/Info.plist;
				LD_RUNPATH_SEARCH_PATHS = (
					"$(inherited)",
					"@executable_path/Frameworks",
				);
				PRODUCT_BUNDLE_IDENTIFIER = com.enzomaruffa.spacespice;
				PRODUCT_NAME = SpaceSpice;
				SWIFT_VERSION = 5.0;
				TARGETED_DEVICE_FAMILY = "1,2";
			};
			name = Debug;
		};
		562BCF6E23881CFC00D5D51D /* Release */ = {
			isa = XCBuildConfiguration;
			baseConfigurationReference = 4DAFEC243ECD8CDB29A29BAB /* Pods-Tompero.release.xcconfig */;
			buildSettings = {
				ASSETCATALOG_COMPILER_APPICON_NAME = AppIcon;
				CODE_SIGN_STYLE = Automatic;
				CURRENT_PROJECT_VERSION = 3;
				DEVELOPMENT_TEAM = 5MSP4455P9;
				INFOPLIST_FILE = Tompero/Info.plist;
				LD_RUNPATH_SEARCH_PATHS = (
					"$(inherited)",
					"@executable_path/Frameworks",
				);
				PRODUCT_BUNDLE_IDENTIFIER = com.enzomaruffa.spacespice;
				PRODUCT_NAME = SpaceSpice;
				SWIFT_VERSION = 5.0;
				TARGETED_DEVICE_FAMILY = "1,2";
			};
			name = Release;
		};
/* End XCBuildConfiguration section */

/* Begin XCConfigurationList section */
		562BCF4F23881CF900D5D51D /* Build configuration list for PBXProject "Tompero" */ = {
			isa = XCConfigurationList;
			buildConfigurations = (
				562BCF6A23881CFC00D5D51D /* Debug */,
				562BCF6B23881CFC00D5D51D /* Release */,
			);
			defaultConfigurationIsVisible = 0;
			defaultConfigurationName = Release;
		};
		562BCF6C23881CFC00D5D51D /* Build configuration list for PBXNativeTarget "Tompero" */ = {
			isa = XCConfigurationList;
			buildConfigurations = (
				562BCF6D23881CFC00D5D51D /* Debug */,
				562BCF6E23881CFC00D5D51D /* Release */,
			);
			defaultConfigurationIsVisible = 0;
			defaultConfigurationName = Release;
		};
/* End XCConfigurationList section */
	};
	rootObject = 562BCF4C23881CF900D5D51D /* Project object */;
}
